// !$*UTF8*$!
{
	archiveVersion = 1;
	classes = {
	};
	objectVersion = 52;
	objects = {

/* Begin PBXBuildFile section */
		22A2D6B425C4221000E174E6 /* Assets.xcassets in Resources */ = {isa = PBXBuildFile; fileRef = 22A2D6B325C4221000E174E6 /* Assets.xcassets */; };
		22A2D6B725C4221000E174E6 /* LaunchScreen.storyboard in Resources */ = {isa = PBXBuildFile; fileRef = 22A2D6B525C4221000E174E6 /* LaunchScreen.storyboard */; };
		22A2D6C225C4221000E174E6 /* iOSCodeChallengeTests.swift in Sources */ = {isa = PBXBuildFile; fileRef = 22A2D6C125C4221000E174E6 /* iOSCodeChallengeTests.swift */; };
		22A2D6CD25C4221000E174E6 /* iOSCodeChallengeUITests.swift in Sources */ = {isa = PBXBuildFile; fileRef = 22A2D6CC25C4221000E174E6 /* iOSCodeChallengeUITests.swift */; };
		A9481369271B2F2C0015B582 /* IDResultListRouterImpl.swift in Sources */ = {isa = PBXBuildFile; fileRef = A948135A271B2F2C0015B582 /* IDResultListRouterImpl.swift */; };
		A948136A271B2F2C0015B582 /* IDResultListRouterImpl.swift in Sources */ = {isa = PBXBuildFile; fileRef = A948135A271B2F2C0015B582 /* IDResultListRouterImpl.swift */; };
		A948136B271B2F2C0015B582 /* IDResultListRouterImpl.swift in Sources */ = {isa = PBXBuildFile; fileRef = A948135A271B2F2C0015B582 /* IDResultListRouterImpl.swift */; };
		A948136C271B2F2C0015B582 /* IDResultListTableViewController.xib in Resources */ = {isa = PBXBuildFile; fileRef = A948135C271B2F2C0015B582 /* IDResultListTableViewController.xib */; };
		A948136D271B2F2C0015B582 /* IDResultListTableViewController.xib in Resources */ = {isa = PBXBuildFile; fileRef = A948135C271B2F2C0015B582 /* IDResultListTableViewController.xib */; };
		A948136E271B2F2C0015B582 /* IDResultListTableViewController.xib in Resources */ = {isa = PBXBuildFile; fileRef = A948135C271B2F2C0015B582 /* IDResultListTableViewController.xib */; };
		A948136F271B2F2C0015B582 /* IDResultListTableViewController.swift in Sources */ = {isa = PBXBuildFile; fileRef = A948135D271B2F2C0015B582 /* IDResultListTableViewController.swift */; };
		A9481370271B2F2C0015B582 /* IDResultListTableViewController.swift in Sources */ = {isa = PBXBuildFile; fileRef = A948135D271B2F2C0015B582 /* IDResultListTableViewController.swift */; };
		A9481371271B2F2C0015B582 /* IDResultListTableViewController.swift in Sources */ = {isa = PBXBuildFile; fileRef = A948135D271B2F2C0015B582 /* IDResultListTableViewController.swift */; };
		A9481372271B2F2C0015B582 /* IDResultListTableViewCell.xib in Resources */ = {isa = PBXBuildFile; fileRef = A948135F271B2F2C0015B582 /* IDResultListTableViewCell.xib */; };
		A9481373271B2F2C0015B582 /* IDResultListTableViewCell.xib in Resources */ = {isa = PBXBuildFile; fileRef = A948135F271B2F2C0015B582 /* IDResultListTableViewCell.xib */; };
		A9481374271B2F2C0015B582 /* IDResultListTableViewCell.xib in Resources */ = {isa = PBXBuildFile; fileRef = A948135F271B2F2C0015B582 /* IDResultListTableViewCell.xib */; };
		A9481375271B2F2C0015B582 /* IDResultListTableViewCell.swift in Sources */ = {isa = PBXBuildFile; fileRef = A9481360271B2F2C0015B582 /* IDResultListTableViewCell.swift */; };
		A9481376271B2F2C0015B582 /* IDResultListTableViewCell.swift in Sources */ = {isa = PBXBuildFile; fileRef = A9481360271B2F2C0015B582 /* IDResultListTableViewCell.swift */; };
		A9481377271B2F2C0015B582 /* IDResultListTableViewCell.swift in Sources */ = {isa = PBXBuildFile; fileRef = A9481360271B2F2C0015B582 /* IDResultListTableViewCell.swift */; };
		A9481378271B2F2C0015B582 /* IDResultListInteractorImpl.swift in Sources */ = {isa = PBXBuildFile; fileRef = A9481362271B2F2C0015B582 /* IDResultListInteractorImpl.swift */; };
		A9481379271B2F2C0015B582 /* IDResultListInteractorImpl.swift in Sources */ = {isa = PBXBuildFile; fileRef = A9481362271B2F2C0015B582 /* IDResultListInteractorImpl.swift */; };
		A948137A271B2F2C0015B582 /* IDResultListInteractorImpl.swift in Sources */ = {isa = PBXBuildFile; fileRef = A9481362271B2F2C0015B582 /* IDResultListInteractorImpl.swift */; };
		A948137B271B2F2C0015B582 /* IDResultListConfigurator.swift in Sources */ = {isa = PBXBuildFile; fileRef = A9481364271B2F2C0015B582 /* IDResultListConfigurator.swift */; };
		A948137C271B2F2C0015B582 /* IDResultListConfigurator.swift in Sources */ = {isa = PBXBuildFile; fileRef = A9481364271B2F2C0015B582 /* IDResultListConfigurator.swift */; };
		A948137D271B2F2C0015B582 /* IDResultListConfigurator.swift in Sources */ = {isa = PBXBuildFile; fileRef = A9481364271B2F2C0015B582 /* IDResultListConfigurator.swift */; };
		A948137E271B2F2C0015B582 /* IDResultListProtocols.swift in Sources */ = {isa = PBXBuildFile; fileRef = A9481366271B2F2C0015B582 /* IDResultListProtocols.swift */; };
		A948137F271B2F2C0015B582 /* IDResultListProtocols.swift in Sources */ = {isa = PBXBuildFile; fileRef = A9481366271B2F2C0015B582 /* IDResultListProtocols.swift */; };
		A9481380271B2F2C0015B582 /* IDResultListProtocols.swift in Sources */ = {isa = PBXBuildFile; fileRef = A9481366271B2F2C0015B582 /* IDResultListProtocols.swift */; };
		A9481381271B2F2C0015B582 /* IDResultListPresenterImpl.swift in Sources */ = {isa = PBXBuildFile; fileRef = A9481368271B2F2C0015B582 /* IDResultListPresenterImpl.swift */; };
		A9481382271B2F2C0015B582 /* IDResultListPresenterImpl.swift in Sources */ = {isa = PBXBuildFile; fileRef = A9481368271B2F2C0015B582 /* IDResultListPresenterImpl.swift */; };
		A9481383271B2F2C0015B582 /* IDResultListPresenterImpl.swift in Sources */ = {isa = PBXBuildFile; fileRef = A9481368271B2F2C0015B582 /* IDResultListPresenterImpl.swift */; };
		A948139A271B3CC20015B582 /* IDResultMultimediaDTO.swift in Sources */ = {isa = PBXBuildFile; fileRef = A9481396271B3CC20015B582 /* IDResultMultimediaDTO.swift */; };
		A948139B271B3CC20015B582 /* IDResultMultimediaDTO.swift in Sources */ = {isa = PBXBuildFile; fileRef = A9481396271B3CC20015B582 /* IDResultMultimediaDTO.swift */; };
		A948139C271B3CC20015B582 /* IDResultMultimediaDTO.swift in Sources */ = {isa = PBXBuildFile; fileRef = A9481396271B3CC20015B582 /* IDResultMultimediaDTO.swift */; };
		A948139D271B3CC20015B582 /* IDResultsDTO.swift in Sources */ = {isa = PBXBuildFile; fileRef = A9481397271B3CC20015B582 /* IDResultsDTO.swift */; };
		A948139E271B3CC20015B582 /* IDResultsDTO.swift in Sources */ = {isa = PBXBuildFile; fileRef = A9481397271B3CC20015B582 /* IDResultsDTO.swift */; };
		A948139F271B3CC20015B582 /* IDResultsDTO.swift in Sources */ = {isa = PBXBuildFile; fileRef = A9481397271B3CC20015B582 /* IDResultsDTO.swift */; };
		A94813A0271B3CC20015B582 /* IDResultDTO.swift in Sources */ = {isa = PBXBuildFile; fileRef = A9481398271B3CC20015B582 /* IDResultDTO.swift */; };
		A94813A1271B3CC20015B582 /* IDResultDTO.swift in Sources */ = {isa = PBXBuildFile; fileRef = A9481398271B3CC20015B582 /* IDResultDTO.swift */; };
		A94813A2271B3CC20015B582 /* IDResultDTO.swift in Sources */ = {isa = PBXBuildFile; fileRef = A9481398271B3CC20015B582 /* IDResultDTO.swift */; };
		A94813A3271B3CC20015B582 /* IDResultMultimediaImageDTO.swift in Sources */ = {isa = PBXBuildFile; fileRef = A9481399271B3CC20015B582 /* IDResultMultimediaImageDTO.swift */; };
		A94813A4271B3CC20015B582 /* IDResultMultimediaImageDTO.swift in Sources */ = {isa = PBXBuildFile; fileRef = A9481399271B3CC20015B582 /* IDResultMultimediaImageDTO.swift */; };
		A94813A5271B3CC20015B582 /* IDResultMultimediaImageDTO.swift in Sources */ = {isa = PBXBuildFile; fileRef = A9481399271B3CC20015B582 /* IDResultMultimediaImageDTO.swift */; };
		A94813B1271B3CFB0015B582 /* SessionDataManager.swift in Sources */ = {isa = PBXBuildFile; fileRef = A94813B0271B3CFB0015B582 /* SessionDataManager.swift */; };
		A94813B2271B3CFB0015B582 /* SessionDataManager.swift in Sources */ = {isa = PBXBuildFile; fileRef = A94813B0271B3CFB0015B582 /* SessionDataManager.swift */; };
		A94813B3271B3CFB0015B582 /* SessionDataManager.swift in Sources */ = {isa = PBXBuildFile; fileRef = A94813B0271B3CFB0015B582 /* SessionDataManager.swift */; };
		A94813BC271B3E5D0015B582 /* UserDefaultWrapper.swift in Sources */ = {isa = PBXBuildFile; fileRef = A94813BB271B3E5D0015B582 /* UserDefaultWrapper.swift */; };
		A94813BD271B3E5D0015B582 /* UserDefaultWrapper.swift in Sources */ = {isa = PBXBuildFile; fileRef = A94813BB271B3E5D0015B582 /* UserDefaultWrapper.swift */; };
		A94813BE271B3E5D0015B582 /* UserDefaultWrapper.swift in Sources */ = {isa = PBXBuildFile; fileRef = A94813BB271B3E5D0015B582 /* UserDefaultWrapper.swift */; };
		A94813CA271B610C0015B582 /* IDSpaceInteractorImpl.swift in Sources */ = {isa = PBXBuildFile; fileRef = A94813C9271B610C0015B582 /* IDSpaceInteractorImpl.swift */; };
		A94813CB271B610C0015B582 /* IDSpaceInteractorImpl.swift in Sources */ = {isa = PBXBuildFile; fileRef = A94813C9271B610C0015B582 /* IDSpaceInteractorImpl.swift */; };
		A94813CC271B610C0015B582 /* IDSpaceInteractorImpl.swift in Sources */ = {isa = PBXBuildFile; fileRef = A94813C9271B610C0015B582 /* IDSpaceInteractorImpl.swift */; };
		A94813DB271C24680015B582 /* UIFontExten.swift in Sources */ = {isa = PBXBuildFile; fileRef = A94813D8271C24670015B582 /* UIFontExten.swift */; };
		A94813DC271C24680015B582 /* UIFontExten.swift in Sources */ = {isa = PBXBuildFile; fileRef = A94813D8271C24670015B582 /* UIFontExten.swift */; };
		A94813DD271C24680015B582 /* UIFontExten.swift in Sources */ = {isa = PBXBuildFile; fileRef = A94813D8271C24670015B582 /* UIFontExten.swift */; };
		A94813DE271C24680015B582 /* UIImageViewExten.swift in Sources */ = {isa = PBXBuildFile; fileRef = A94813D9271C24670015B582 /* UIImageViewExten.swift */; };
		A94813DF271C24680015B582 /* UIImageViewExten.swift in Sources */ = {isa = PBXBuildFile; fileRef = A94813D9271C24670015B582 /* UIImageViewExten.swift */; };
		A94813E0271C24680015B582 /* UIImageViewExten.swift in Sources */ = {isa = PBXBuildFile; fileRef = A94813D9271C24670015B582 /* UIImageViewExten.swift */; };
		A94813E1271C24680015B582 /* UIViewExten.swift in Sources */ = {isa = PBXBuildFile; fileRef = A94813DA271C24670015B582 /* UIViewExten.swift */; };
		A94813E2271C24680015B582 /* UIViewExten.swift in Sources */ = {isa = PBXBuildFile; fileRef = A94813DA271C24670015B582 /* UIViewExten.swift */; };
		A94813E3271C24680015B582 /* UIViewExten.swift in Sources */ = {isa = PBXBuildFile; fileRef = A94813DA271C24670015B582 /* UIViewExten.swift */; };
		A953FF02271ABDFB000819F9 /* IDResultDetailCollectionCellView.xib in Resources */ = {isa = PBXBuildFile; fileRef = A953FF00271ABDFB000819F9 /* IDResultDetailCollectionCellView.xib */; };
		A953FF03271ABDFB000819F9 /* IDResultDetailCollectionCellView.xib in Resources */ = {isa = PBXBuildFile; fileRef = A953FF00271ABDFB000819F9 /* IDResultDetailCollectionCellView.xib */; };
		A953FF04271ABDFB000819F9 /* IDResultDetailCollectionCellView.xib in Resources */ = {isa = PBXBuildFile; fileRef = A953FF00271ABDFB000819F9 /* IDResultDetailCollectionCellView.xib */; };
		A953FF05271ABDFB000819F9 /* IDResultDetailCollectionCellView.swift in Sources */ = {isa = PBXBuildFile; fileRef = A953FF01271ABDFB000819F9 /* IDResultDetailCollectionCellView.swift */; };
		A953FF06271ABDFB000819F9 /* IDResultDetailCollectionCellView.swift in Sources */ = {isa = PBXBuildFile; fileRef = A953FF01271ABDFB000819F9 /* IDResultDetailCollectionCellView.swift */; };
		A953FF07271ABDFB000819F9 /* IDResultDetailCollectionCellView.swift in Sources */ = {isa = PBXBuildFile; fileRef = A953FF01271ABDFB000819F9 /* IDResultDetailCollectionCellView.swift */; };
		A953FF2F271ABFDA000819F9 /* JosefinSans-Italic.ttf in Resources */ = {isa = PBXBuildFile; fileRef = A953FF25271ABFDA000819F9 /* JosefinSans-Italic.ttf */; };
		A953FF30271ABFDA000819F9 /* JosefinSans-Italic.ttf in Resources */ = {isa = PBXBuildFile; fileRef = A953FF25271ABFDA000819F9 /* JosefinSans-Italic.ttf */; };
		A953FF31271ABFDA000819F9 /* JosefinSans-Italic.ttf in Resources */ = {isa = PBXBuildFile; fileRef = A953FF25271ABFDA000819F9 /* JosefinSans-Italic.ttf */; };
		A953FF32271ABFDA000819F9 /* JosefinSans-Thin.ttf in Resources */ = {isa = PBXBuildFile; fileRef = A953FF26271ABFDA000819F9 /* JosefinSans-Thin.ttf */; };
		A953FF33271ABFDA000819F9 /* JosefinSans-Thin.ttf in Resources */ = {isa = PBXBuildFile; fileRef = A953FF26271ABFDA000819F9 /* JosefinSans-Thin.ttf */; };
		A953FF34271ABFDA000819F9 /* JosefinSans-Thin.ttf in Resources */ = {isa = PBXBuildFile; fileRef = A953FF26271ABFDA000819F9 /* JosefinSans-Thin.ttf */; };
		A953FF35271ABFDA000819F9 /* JosefinSans-Bold.ttf in Resources */ = {isa = PBXBuildFile; fileRef = A953FF27271ABFDA000819F9 /* JosefinSans-Bold.ttf */; };
		A953FF36271ABFDA000819F9 /* JosefinSans-Bold.ttf in Resources */ = {isa = PBXBuildFile; fileRef = A953FF27271ABFDA000819F9 /* JosefinSans-Bold.ttf */; };
		A953FF37271ABFDA000819F9 /* JosefinSans-Bold.ttf in Resources */ = {isa = PBXBuildFile; fileRef = A953FF27271ABFDA000819F9 /* JosefinSans-Bold.ttf */; };
		A953FF38271ABFDA000819F9 /* JosefinSans-Light.ttf in Resources */ = {isa = PBXBuildFile; fileRef = A953FF28271ABFDA000819F9 /* JosefinSans-Light.ttf */; };
		A953FF39271ABFDA000819F9 /* JosefinSans-Light.ttf in Resources */ = {isa = PBXBuildFile; fileRef = A953FF28271ABFDA000819F9 /* JosefinSans-Light.ttf */; };
		A953FF3A271ABFDA000819F9 /* JosefinSans-Light.ttf in Resources */ = {isa = PBXBuildFile; fileRef = A953FF28271ABFDA000819F9 /* JosefinSans-Light.ttf */; };
		A953FF3B271ABFDA000819F9 /* JosefinSans-LightItalic.ttf in Resources */ = {isa = PBXBuildFile; fileRef = A953FF29271ABFDA000819F9 /* JosefinSans-LightItalic.ttf */; };
		A953FF3C271ABFDA000819F9 /* JosefinSans-LightItalic.ttf in Resources */ = {isa = PBXBuildFile; fileRef = A953FF29271ABFDA000819F9 /* JosefinSans-LightItalic.ttf */; };
		A953FF3D271ABFDA000819F9 /* JosefinSans-LightItalic.ttf in Resources */ = {isa = PBXBuildFile; fileRef = A953FF29271ABFDA000819F9 /* JosefinSans-LightItalic.ttf */; };
		A953FF3E271ABFDA000819F9 /* JosefinSans-SemiBold.ttf in Resources */ = {isa = PBXBuildFile; fileRef = A953FF2A271ABFDA000819F9 /* JosefinSans-SemiBold.ttf */; };
		A953FF3F271ABFDA000819F9 /* JosefinSans-SemiBold.ttf in Resources */ = {isa = PBXBuildFile; fileRef = A953FF2A271ABFDA000819F9 /* JosefinSans-SemiBold.ttf */; };
		A953FF40271ABFDA000819F9 /* JosefinSans-SemiBold.ttf in Resources */ = {isa = PBXBuildFile; fileRef = A953FF2A271ABFDA000819F9 /* JosefinSans-SemiBold.ttf */; };
		A953FF41271ABFDA000819F9 /* JosefinSans-Regular.ttf in Resources */ = {isa = PBXBuildFile; fileRef = A953FF2B271ABFDA000819F9 /* JosefinSans-Regular.ttf */; };
		A953FF42271ABFDA000819F9 /* JosefinSans-Regular.ttf in Resources */ = {isa = PBXBuildFile; fileRef = A953FF2B271ABFDA000819F9 /* JosefinSans-Regular.ttf */; };
		A953FF43271ABFDA000819F9 /* JosefinSans-Regular.ttf in Resources */ = {isa = PBXBuildFile; fileRef = A953FF2B271ABFDA000819F9 /* JosefinSans-Regular.ttf */; };
		A953FF44271ABFDA000819F9 /* JosefinSans-BoldItalic.ttf in Resources */ = {isa = PBXBuildFile; fileRef = A953FF2C271ABFDA000819F9 /* JosefinSans-BoldItalic.ttf */; };
		A953FF45271ABFDA000819F9 /* JosefinSans-BoldItalic.ttf in Resources */ = {isa = PBXBuildFile; fileRef = A953FF2C271ABFDA000819F9 /* JosefinSans-BoldItalic.ttf */; };
		A953FF46271ABFDA000819F9 /* JosefinSans-BoldItalic.ttf in Resources */ = {isa = PBXBuildFile; fileRef = A953FF2C271ABFDA000819F9 /* JosefinSans-BoldItalic.ttf */; };
		A953FF47271ABFDA000819F9 /* JosefinSans-ThinItalic.ttf in Resources */ = {isa = PBXBuildFile; fileRef = A953FF2D271ABFDA000819F9 /* JosefinSans-ThinItalic.ttf */; };
		A953FF48271ABFDA000819F9 /* JosefinSans-ThinItalic.ttf in Resources */ = {isa = PBXBuildFile; fileRef = A953FF2D271ABFDA000819F9 /* JosefinSans-ThinItalic.ttf */; };
		A953FF49271ABFDA000819F9 /* JosefinSans-ThinItalic.ttf in Resources */ = {isa = PBXBuildFile; fileRef = A953FF2D271ABFDA000819F9 /* JosefinSans-ThinItalic.ttf */; };
		A953FF4A271ABFDA000819F9 /* JosefinSans-SemiBoldItalic.ttf in Resources */ = {isa = PBXBuildFile; fileRef = A953FF2E271ABFDA000819F9 /* JosefinSans-SemiBoldItalic.ttf */; };
		A953FF4B271ABFDA000819F9 /* JosefinSans-SemiBoldItalic.ttf in Resources */ = {isa = PBXBuildFile; fileRef = A953FF2E271ABFDA000819F9 /* JosefinSans-SemiBoldItalic.ttf */; };
		A953FF4C271ABFDA000819F9 /* JosefinSans-SemiBoldItalic.ttf in Resources */ = {isa = PBXBuildFile; fileRef = A953FF2E271ABFDA000819F9 /* JosefinSans-SemiBoldItalic.ttf */; };
		A97D840427197BD400DC28C0 /* AppDelegate.swift in Sources */ = {isa = PBXBuildFile; fileRef = A97D83D627197BD400DC28C0 /* AppDelegate.swift */; };
		A97D840527197BD400DC28C0 /* AppDelegate.swift in Sources */ = {isa = PBXBuildFile; fileRef = A97D83D627197BD400DC28C0 /* AppDelegate.swift */; };
		A97D840627197BD400DC28C0 /* AppDelegate.swift in Sources */ = {isa = PBXBuildFile; fileRef = A97D83D627197BD400DC28C0 /* AppDelegate.swift */; };
		A97D841B27197C1200DC28C0 /* IDResultDetailPresenterImpl.swift in Sources */ = {isa = PBXBuildFile; fileRef = A97D840A27197C1200DC28C0 /* IDResultDetailPresenterImpl.swift */; };
		A97D841C27197C1200DC28C0 /* IDResultDetailPresenterImpl.swift in Sources */ = {isa = PBXBuildFile; fileRef = A97D840A27197C1200DC28C0 /* IDResultDetailPresenterImpl.swift */; };
		A97D841D27197C1200DC28C0 /* IDResultDetailPresenterImpl.swift in Sources */ = {isa = PBXBuildFile; fileRef = A97D840A27197C1200DC28C0 /* IDResultDetailPresenterImpl.swift */; };
		A97D842127197C1200DC28C0 /* IDResultDetailViewController.swift in Sources */ = {isa = PBXBuildFile; fileRef = A97D840D27197C1200DC28C0 /* IDResultDetailViewController.swift */; };
		A97D842227197C1200DC28C0 /* IDResultDetailViewController.swift in Sources */ = {isa = PBXBuildFile; fileRef = A97D840D27197C1200DC28C0 /* IDResultDetailViewController.swift */; };
		A97D842327197C1200DC28C0 /* IDResultDetailViewController.swift in Sources */ = {isa = PBXBuildFile; fileRef = A97D840D27197C1200DC28C0 /* IDResultDetailViewController.swift */; };
		A97D842427197C1200DC28C0 /* IDResultDetailConfigurator.swift in Sources */ = {isa = PBXBuildFile; fileRef = A97D840F27197C1200DC28C0 /* IDResultDetailConfigurator.swift */; };
		A97D842527197C1200DC28C0 /* IDResultDetailConfigurator.swift in Sources */ = {isa = PBXBuildFile; fileRef = A97D840F27197C1200DC28C0 /* IDResultDetailConfigurator.swift */; };
		A97D842627197C1200DC28C0 /* IDResultDetailConfigurator.swift in Sources */ = {isa = PBXBuildFile; fileRef = A97D840F27197C1200DC28C0 /* IDResultDetailConfigurator.swift */; };
		A97D842727197C1200DC28C0 /* IDResultDetailProtocols.swift in Sources */ = {isa = PBXBuildFile; fileRef = A97D841127197C1200DC28C0 /* IDResultDetailProtocols.swift */; };
		A97D842827197C1200DC28C0 /* IDResultDetailProtocols.swift in Sources */ = {isa = PBXBuildFile; fileRef = A97D841127197C1200DC28C0 /* IDResultDetailProtocols.swift */; };
		A97D842927197C1200DC28C0 /* IDResultDetailProtocols.swift in Sources */ = {isa = PBXBuildFile; fileRef = A97D841127197C1200DC28C0 /* IDResultDetailProtocols.swift */; };
		A97D842A27197C1200DC28C0 /* IDResultDetailInteractorImpl.swift in Sources */ = {isa = PBXBuildFile; fileRef = A97D841327197C1200DC28C0 /* IDResultDetailInteractorImpl.swift */; };
		A97D842B27197C1200DC28C0 /* IDResultDetailInteractorImpl.swift in Sources */ = {isa = PBXBuildFile; fileRef = A97D841327197C1200DC28C0 /* IDResultDetailInteractorImpl.swift */; };
		A97D842C27197C1200DC28C0 /* IDResultDetailInteractorImpl.swift in Sources */ = {isa = PBXBuildFile; fileRef = A97D841327197C1200DC28C0 /* IDResultDetailInteractorImpl.swift */; };
		A97D842D27197C1200DC28C0 /* IDResultDetailRouterImpl.swift in Sources */ = {isa = PBXBuildFile; fileRef = A97D841527197C1200DC28C0 /* IDResultDetailRouterImpl.swift */; };
		A97D842E27197C1200DC28C0 /* IDResultDetailRouterImpl.swift in Sources */ = {isa = PBXBuildFile; fileRef = A97D841527197C1200DC28C0 /* IDResultDetailRouterImpl.swift */; };
		A97D842F27197C1200DC28C0 /* IDResultDetailRouterImpl.swift in Sources */ = {isa = PBXBuildFile; fileRef = A97D841527197C1200DC28C0 /* IDResultDetailRouterImpl.swift */; };
		A97D8441271983A000DC28C0 /* RouterImpl.swift in Sources */ = {isa = PBXBuildFile; fileRef = A97D843E271983A000DC28C0 /* RouterImpl.swift */; };
		A97D8442271983A000DC28C0 /* RouterImpl.swift in Sources */ = {isa = PBXBuildFile; fileRef = A97D843E271983A000DC28C0 /* RouterImpl.swift */; };
		A97D8443271983A000DC28C0 /* RouterImpl.swift in Sources */ = {isa = PBXBuildFile; fileRef = A97D843E271983A000DC28C0 /* RouterImpl.swift */; };
		A97D8444271983A000DC28C0 /* Router.swift in Sources */ = {isa = PBXBuildFile; fileRef = A97D843F271983A000DC28C0 /* Router.swift */; };
		A97D8445271983A000DC28C0 /* Router.swift in Sources */ = {isa = PBXBuildFile; fileRef = A97D843F271983A000DC28C0 /* Router.swift */; };
		A97D8446271983A000DC28C0 /* Router.swift in Sources */ = {isa = PBXBuildFile; fileRef = A97D843F271983A000DC28C0 /* Router.swift */; };
		A97D8447271983A000DC28C0 /* AppModules.swift in Sources */ = {isa = PBXBuildFile; fileRef = A97D8440271983A000DC28C0 /* AppModules.swift */; };
		A97D8448271983A000DC28C0 /* AppModules.swift in Sources */ = {isa = PBXBuildFile; fileRef = A97D8440271983A000DC28C0 /* AppModules.swift */; };
		A97D8449271983A000DC28C0 /* AppModules.swift in Sources */ = {isa = PBXBuildFile; fileRef = A97D8440271983A000DC28C0 /* AppModules.swift */; };
		A97D844B2719886D00DC28C0 /* IDResultDetailViewController.xib in Resources */ = {isa = PBXBuildFile; fileRef = A97D844A2719886D00DC28C0 /* IDResultDetailViewController.xib */; };
		A97D844C2719886D00DC28C0 /* IDResultDetailViewController.xib in Resources */ = {isa = PBXBuildFile; fileRef = A97D844A2719886D00DC28C0 /* IDResultDetailViewController.xib */; };
		A97D844D2719886D00DC28C0 /* IDResultDetailViewController.xib in Resources */ = {isa = PBXBuildFile; fileRef = A97D844A2719886D00DC28C0 /* IDResultDetailViewController.xib */; };
		A97D845827199CAA00DC28C0 /* R.swift in Sources */ = {isa = PBXBuildFile; fileRef = A97D845727199CAA00DC28C0 /* R.swift */; };
		A97D845927199CAA00DC28C0 /* R.swift in Sources */ = {isa = PBXBuildFile; fileRef = A97D845727199CAA00DC28C0 /* R.swift */; };
		A97D845A27199CAA00DC28C0 /* R.swift in Sources */ = {isa = PBXBuildFile; fileRef = A97D845727199CAA00DC28C0 /* R.swift */; };
		A97D845F2719A0CD00DC28C0 /* Localizable.strings in Resources */ = {isa = PBXBuildFile; fileRef = A97D84632719A0CD00DC28C0 /* Localizable.strings */; };
		A97D84602719A0CD00DC28C0 /* Localizable.strings in Resources */ = {isa = PBXBuildFile; fileRef = A97D84632719A0CD00DC28C0 /* Localizable.strings */; };
		A97D84612719A0CD00DC28C0 /* Localizable.strings in Resources */ = {isa = PBXBuildFile; fileRef = A97D84632719A0CD00DC28C0 /* Localizable.strings */; };
		A9AACFBB271D71F000D4F0BE /* GoogleService-Info.plist in Resources */ = {isa = PBXBuildFile; fileRef = A9AACFBA271D71F000D4F0BE /* GoogleService-Info.plist */; };
		A9AACFBC271D71F000D4F0BE /* GoogleService-Info.plist in Resources */ = {isa = PBXBuildFile; fileRef = A9AACFBA271D71F000D4F0BE /* GoogleService-Info.plist */; };
		A9AACFBD271D71F000D4F0BE /* GoogleService-Info.plist in Resources */ = {isa = PBXBuildFile; fileRef = A9AACFBA271D71F000D4F0BE /* GoogleService-Info.plist */; };
		A9AACFC0271D72FB00D4F0BE /* FirebaseAnalytics in Frameworks */ = {isa = PBXBuildFile; productRef = A9AACFBF271D72FB00D4F0BE /* FirebaseAnalytics */; };
		A9AACFC2271D72FB00D4F0BE /* FirebaseCrashlytics in Frameworks */ = {isa = PBXBuildFile; productRef = A9AACFC1271D72FB00D4F0BE /* FirebaseCrashlytics */; };
		A9AAD030271D732800D4F0BE /* AnalyticsAgent.ScreenClass.swift in Sources */ = {isa = PBXBuildFile; fileRef = A9AACFC8271D732700D4F0BE /* AnalyticsAgent.ScreenClass.swift */; };
		A9AAD031271D732800D4F0BE /* AnalyticsAgent.ScreenClass.swift in Sources */ = {isa = PBXBuildFile; fileRef = A9AACFC8271D732700D4F0BE /* AnalyticsAgent.ScreenClass.swift */; };
		A9AAD032271D732800D4F0BE /* AnalyticsAgent.ScreenClass.swift in Sources */ = {isa = PBXBuildFile; fileRef = A9AACFC8271D732700D4F0BE /* AnalyticsAgent.ScreenClass.swift */; };
		A9AAD033271D732800D4F0BE /* AnalyticsAgent.ScreenName.swift in Sources */ = {isa = PBXBuildFile; fileRef = A9AACFC9271D732700D4F0BE /* AnalyticsAgent.ScreenName.swift */; };
		A9AAD034271D732800D4F0BE /* AnalyticsAgent.ScreenName.swift in Sources */ = {isa = PBXBuildFile; fileRef = A9AACFC9271D732700D4F0BE /* AnalyticsAgent.ScreenName.swift */; };
		A9AAD035271D732800D4F0BE /* AnalyticsAgent.ScreenName.swift in Sources */ = {isa = PBXBuildFile; fileRef = A9AACFC9271D732700D4F0BE /* AnalyticsAgent.ScreenName.swift */; };
		A9AAD036271D732800D4F0BE /* AnalyticsAgent.Event.swift in Sources */ = {isa = PBXBuildFile; fileRef = A9AACFCA271D732700D4F0BE /* AnalyticsAgent.Event.swift */; };
		A9AAD037271D732800D4F0BE /* AnalyticsAgent.Event.swift in Sources */ = {isa = PBXBuildFile; fileRef = A9AACFCA271D732700D4F0BE /* AnalyticsAgent.Event.swift */; };
		A9AAD038271D732800D4F0BE /* AnalyticsAgent.Event.swift in Sources */ = {isa = PBXBuildFile; fileRef = A9AACFCA271D732700D4F0BE /* AnalyticsAgent.Event.swift */; };
		A9AAD039271D732800D4F0BE /* AnalyticsAgent.FirebaseProvider.swift in Sources */ = {isa = PBXBuildFile; fileRef = A9AACFCC271D732700D4F0BE /* AnalyticsAgent.FirebaseProvider.swift */; };
		A9AAD03A271D732800D4F0BE /* AnalyticsAgent.FirebaseProvider.swift in Sources */ = {isa = PBXBuildFile; fileRef = A9AACFCC271D732700D4F0BE /* AnalyticsAgent.FirebaseProvider.swift */; };
		A9AAD03B271D732800D4F0BE /* AnalyticsAgent.FirebaseProvider.swift in Sources */ = {isa = PBXBuildFile; fileRef = A9AACFCC271D732700D4F0BE /* AnalyticsAgent.FirebaseProvider.swift */; };
		A9AAD066271D732800D4F0BE /* AnalyticsAgent.Space.Block.swift in Sources */ = {isa = PBXBuildFile; fileRef = A9AACFE3271D732700D4F0BE /* AnalyticsAgent.Space.Block.swift */; };
		A9AAD067271D732800D4F0BE /* AnalyticsAgent.Space.Block.swift in Sources */ = {isa = PBXBuildFile; fileRef = A9AACFE3271D732700D4F0BE /* AnalyticsAgent.Space.Block.swift */; };
		A9AAD068271D732800D4F0BE /* AnalyticsAgent.Space.Block.swift in Sources */ = {isa = PBXBuildFile; fileRef = A9AACFE3271D732700D4F0BE /* AnalyticsAgent.Space.Block.swift */; };
		A9AAD069271D732800D4F0BE /* AnalyticsAgent.ScreenBlock.swift in Sources */ = {isa = PBXBuildFile; fileRef = A9AACFE5271D732700D4F0BE /* AnalyticsAgent.ScreenBlock.swift */; };
		A9AAD06A271D732800D4F0BE /* AnalyticsAgent.ScreenBlock.swift in Sources */ = {isa = PBXBuildFile; fileRef = A9AACFE5271D732700D4F0BE /* AnalyticsAgent.ScreenBlock.swift */; };
		A9AAD06B271D732800D4F0BE /* AnalyticsAgent.ScreenBlock.swift in Sources */ = {isa = PBXBuildFile; fileRef = A9AACFE5271D732700D4F0BE /* AnalyticsAgent.ScreenBlock.swift */; };
		A9AAD081271D732800D4F0BE /* AnalyticsAgent.swift in Sources */ = {isa = PBXBuildFile; fileRef = A9AACFF1271D732700D4F0BE /* AnalyticsAgent.swift */; };
		A9AAD082271D732800D4F0BE /* AnalyticsAgent.swift in Sources */ = {isa = PBXBuildFile; fileRef = A9AACFF1271D732700D4F0BE /* AnalyticsAgent.swift */; };
		A9AAD083271D732800D4F0BE /* AnalyticsAgent.swift in Sources */ = {isa = PBXBuildFile; fileRef = A9AACFF1271D732700D4F0BE /* AnalyticsAgent.swift */; };
		A9AAD090271D732800D4F0BE /* AnalyticsAgent.SpaceEvent.swift in Sources */ = {isa = PBXBuildFile; fileRef = A9AACFF7271D732800D4F0BE /* AnalyticsAgent.SpaceEvent.swift */; };
		A9AAD091271D732800D4F0BE /* AnalyticsAgent.SpaceEvent.swift in Sources */ = {isa = PBXBuildFile; fileRef = A9AACFF7271D732800D4F0BE /* AnalyticsAgent.SpaceEvent.swift */; };
		A9AAD092271D732800D4F0BE /* AnalyticsAgent.SpaceEvent.swift in Sources */ = {isa = PBXBuildFile; fileRef = A9AACFF7271D732800D4F0BE /* AnalyticsAgent.SpaceEvent.swift */; };
		A9AAD0FF271D732900D4F0BE /* AnalyticsAgent.SpaceScreen.swift in Sources */ = {isa = PBXBuildFile; fileRef = A9AAD021271D732800D4F0BE /* AnalyticsAgent.SpaceScreen.swift */; };
		A9AAD100271D732900D4F0BE /* AnalyticsAgent.SpaceScreen.swift in Sources */ = {isa = PBXBuildFile; fileRef = A9AAD021271D732800D4F0BE /* AnalyticsAgent.SpaceScreen.swift */; };
		A9AAD101271D732900D4F0BE /* AnalyticsAgent.SpaceScreen.swift in Sources */ = {isa = PBXBuildFile; fileRef = A9AAD021271D732800D4F0BE /* AnalyticsAgent.SpaceScreen.swift */; };
/* End PBXBuildFile section */

/* Begin PBXContainerItemProxy section */
		22A2D6BE25C4221000E174E6 /* PBXContainerItemProxy */ = {
			isa = PBXContainerItemProxy;
			containerPortal = 22A2D69F25C4220F00E174E6 /* Project object */;
			proxyType = 1;
			remoteGlobalIDString = 22A2D6A625C4220F00E174E6;
			remoteInfo = iOSCodeChallenge;
		};
		22A2D6C925C4221000E174E6 /* PBXContainerItemProxy */ = {
			isa = PBXContainerItemProxy;
			containerPortal = 22A2D69F25C4220F00E174E6 /* Project object */;
			proxyType = 1;
			remoteGlobalIDString = 22A2D6A625C4220F00E174E6;
			remoteInfo = iOSCodeChallenge;
		};
/* End PBXContainerItemProxy section */

/* Begin PBXFileReference section */
		22A2D6A725C4220F00E174E6 /* iOSCodeChallenge.app */ = {isa = PBXFileReference; explicitFileType = wrapper.application; includeInIndex = 0; path = iOSCodeChallenge.app; sourceTree = BUILT_PRODUCTS_DIR; };
		22A2D6B325C4221000E174E6 /* Assets.xcassets */ = {isa = PBXFileReference; lastKnownFileType = folder.assetcatalog; path = Assets.xcassets; sourceTree = "<group>"; };
		22A2D6B625C4221000E174E6 /* Base */ = {isa = PBXFileReference; lastKnownFileType = file.storyboard; name = Base; path = Base.lproj/LaunchScreen.storyboard; sourceTree = "<group>"; };
		22A2D6B825C4221000E174E6 /* Info.plist */ = {isa = PBXFileReference; lastKnownFileType = text.plist.xml; path = Info.plist; sourceTree = "<group>"; };
		22A2D6BD25C4221000E174E6 /* iOSCodeChallengeTests.xctest */ = {isa = PBXFileReference; explicitFileType = wrapper.cfbundle; includeInIndex = 0; path = iOSCodeChallengeTests.xctest; sourceTree = BUILT_PRODUCTS_DIR; };
		22A2D6C125C4221000E174E6 /* iOSCodeChallengeTests.swift */ = {isa = PBXFileReference; lastKnownFileType = sourcecode.swift; path = iOSCodeChallengeTests.swift; sourceTree = "<group>"; };
		22A2D6C325C4221000E174E6 /* Info.plist */ = {isa = PBXFileReference; lastKnownFileType = text.plist.xml; path = Info.plist; sourceTree = "<group>"; };
		22A2D6C825C4221000E174E6 /* iOSCodeChallengeUITests.xctest */ = {isa = PBXFileReference; explicitFileType = wrapper.cfbundle; includeInIndex = 0; path = iOSCodeChallengeUITests.xctest; sourceTree = BUILT_PRODUCTS_DIR; };
		22A2D6CC25C4221000E174E6 /* iOSCodeChallengeUITests.swift */ = {isa = PBXFileReference; lastKnownFileType = sourcecode.swift; path = iOSCodeChallengeUITests.swift; sourceTree = "<group>"; };
		22A2D6CE25C4221000E174E6 /* Info.plist */ = {isa = PBXFileReference; lastKnownFileType = text.plist.xml; path = Info.plist; sourceTree = "<group>"; };
		A948135A271B2F2C0015B582 /* IDResultListRouterImpl.swift */ = {isa = PBXFileReference; fileEncoding = 4; lastKnownFileType = sourcecode.swift; path = IDResultListRouterImpl.swift; sourceTree = "<group>"; };
		A948135C271B2F2C0015B582 /* IDResultListTableViewController.xib */ = {isa = PBXFileReference; fileEncoding = 4; lastKnownFileType = file.xib; path = IDResultListTableViewController.xib; sourceTree = "<group>"; };
		A948135D271B2F2C0015B582 /* IDResultListTableViewController.swift */ = {isa = PBXFileReference; fileEncoding = 4; lastKnownFileType = sourcecode.swift; path = IDResultListTableViewController.swift; sourceTree = "<group>"; };
		A948135F271B2F2C0015B582 /* IDResultListTableViewCell.xib */ = {isa = PBXFileReference; fileEncoding = 4; lastKnownFileType = file.xib; path = IDResultListTableViewCell.xib; sourceTree = "<group>"; };
		A9481360271B2F2C0015B582 /* IDResultListTableViewCell.swift */ = {isa = PBXFileReference; fileEncoding = 4; lastKnownFileType = sourcecode.swift; path = IDResultListTableViewCell.swift; sourceTree = "<group>"; };
		A9481362271B2F2C0015B582 /* IDResultListInteractorImpl.swift */ = {isa = PBXFileReference; fileEncoding = 4; lastKnownFileType = sourcecode.swift; path = IDResultListInteractorImpl.swift; sourceTree = "<group>"; };
		A9481364271B2F2C0015B582 /* IDResultListConfigurator.swift */ = {isa = PBXFileReference; fileEncoding = 4; lastKnownFileType = sourcecode.swift; path = IDResultListConfigurator.swift; sourceTree = "<group>"; };
		A9481366271B2F2C0015B582 /* IDResultListProtocols.swift */ = {isa = PBXFileReference; fileEncoding = 4; lastKnownFileType = sourcecode.swift; path = IDResultListProtocols.swift; sourceTree = "<group>"; };
		A9481368271B2F2C0015B582 /* IDResultListPresenterImpl.swift */ = {isa = PBXFileReference; fileEncoding = 4; lastKnownFileType = sourcecode.swift; path = IDResultListPresenterImpl.swift; sourceTree = "<group>"; };
		A9481396271B3CC20015B582 /* IDResultMultimediaDTO.swift */ = {isa = PBXFileReference; fileEncoding = 4; lastKnownFileType = sourcecode.swift; path = IDResultMultimediaDTO.swift; sourceTree = "<group>"; };
		A9481397271B3CC20015B582 /* IDResultsDTO.swift */ = {isa = PBXFileReference; fileEncoding = 4; lastKnownFileType = sourcecode.swift; path = IDResultsDTO.swift; sourceTree = "<group>"; };
		A9481398271B3CC20015B582 /* IDResultDTO.swift */ = {isa = PBXFileReference; fileEncoding = 4; lastKnownFileType = sourcecode.swift; path = IDResultDTO.swift; sourceTree = "<group>"; };
		A9481399271B3CC20015B582 /* IDResultMultimediaImageDTO.swift */ = {isa = PBXFileReference; fileEncoding = 4; lastKnownFileType = sourcecode.swift; path = IDResultMultimediaImageDTO.swift; sourceTree = "<group>"; };
		A94813B0271B3CFB0015B582 /* SessionDataManager.swift */ = {isa = PBXFileReference; fileEncoding = 4; lastKnownFileType = sourcecode.swift; path = SessionDataManager.swift; sourceTree = "<group>"; };
		A94813BB271B3E5D0015B582 /* UserDefaultWrapper.swift */ = {isa = PBXFileReference; fileEncoding = 4; lastKnownFileType = sourcecode.swift; path = UserDefaultWrapper.swift; sourceTree = "<group>"; };
		A94813C9271B610C0015B582 /* IDSpaceInteractorImpl.swift */ = {isa = PBXFileReference; fileEncoding = 4; lastKnownFileType = sourcecode.swift; path = IDSpaceInteractorImpl.swift; sourceTree = "<group>"; };
		A94813D8271C24670015B582 /* UIFontExten.swift */ = {isa = PBXFileReference; fileEncoding = 4; lastKnownFileType = sourcecode.swift; path = UIFontExten.swift; sourceTree = "<group>"; };
		A94813D9271C24670015B582 /* UIImageViewExten.swift */ = {isa = PBXFileReference; fileEncoding = 4; lastKnownFileType = sourcecode.swift; path = UIImageViewExten.swift; sourceTree = "<group>"; };
		A94813DA271C24670015B582 /* UIViewExten.swift */ = {isa = PBXFileReference; fileEncoding = 4; lastKnownFileType = sourcecode.swift; path = UIViewExten.swift; sourceTree = "<group>"; };
		A953FF00271ABDFB000819F9 /* IDResultDetailCollectionCellView.xib */ = {isa = PBXFileReference; fileEncoding = 4; lastKnownFileType = file.xib; path = IDResultDetailCollectionCellView.xib; sourceTree = "<group>"; };
		A953FF01271ABDFB000819F9 /* IDResultDetailCollectionCellView.swift */ = {isa = PBXFileReference; fileEncoding = 4; lastKnownFileType = sourcecode.swift; path = IDResultDetailCollectionCellView.swift; sourceTree = "<group>"; };
		A953FF25271ABFDA000819F9 /* JosefinSans-Italic.ttf */ = {isa = PBXFileReference; lastKnownFileType = file; path = "JosefinSans-Italic.ttf"; sourceTree = "<group>"; };
		A953FF26271ABFDA000819F9 /* JosefinSans-Thin.ttf */ = {isa = PBXFileReference; lastKnownFileType = file; path = "JosefinSans-Thin.ttf"; sourceTree = "<group>"; };
		A953FF27271ABFDA000819F9 /* JosefinSans-Bold.ttf */ = {isa = PBXFileReference; lastKnownFileType = file; path = "JosefinSans-Bold.ttf"; sourceTree = "<group>"; };
		A953FF28271ABFDA000819F9 /* JosefinSans-Light.ttf */ = {isa = PBXFileReference; lastKnownFileType = file; path = "JosefinSans-Light.ttf"; sourceTree = "<group>"; };
		A953FF29271ABFDA000819F9 /* JosefinSans-LightItalic.ttf */ = {isa = PBXFileReference; lastKnownFileType = file; path = "JosefinSans-LightItalic.ttf"; sourceTree = "<group>"; };
		A953FF2A271ABFDA000819F9 /* JosefinSans-SemiBold.ttf */ = {isa = PBXFileReference; lastKnownFileType = file; path = "JosefinSans-SemiBold.ttf"; sourceTree = "<group>"; };
		A953FF2B271ABFDA000819F9 /* JosefinSans-Regular.ttf */ = {isa = PBXFileReference; lastKnownFileType = file; path = "JosefinSans-Regular.ttf"; sourceTree = "<group>"; };
		A953FF2C271ABFDA000819F9 /* JosefinSans-BoldItalic.ttf */ = {isa = PBXFileReference; lastKnownFileType = file; path = "JosefinSans-BoldItalic.ttf"; sourceTree = "<group>"; };
		A953FF2D271ABFDA000819F9 /* JosefinSans-ThinItalic.ttf */ = {isa = PBXFileReference; lastKnownFileType = file; path = "JosefinSans-ThinItalic.ttf"; sourceTree = "<group>"; };
		A953FF2E271ABFDA000819F9 /* JosefinSans-SemiBoldItalic.ttf */ = {isa = PBXFileReference; lastKnownFileType = file; path = "JosefinSans-SemiBoldItalic.ttf"; sourceTree = "<group>"; };
		A97D83D627197BD400DC28C0 /* AppDelegate.swift */ = {isa = PBXFileReference; fileEncoding = 4; lastKnownFileType = sourcecode.swift; path = AppDelegate.swift; sourceTree = "<group>"; };
		A97D840A27197C1200DC28C0 /* IDResultDetailPresenterImpl.swift */ = {isa = PBXFileReference; fileEncoding = 4; lastKnownFileType = sourcecode.swift; path = IDResultDetailPresenterImpl.swift; sourceTree = "<group>"; };
		A97D840D27197C1200DC28C0 /* IDResultDetailViewController.swift */ = {isa = PBXFileReference; fileEncoding = 4; lastKnownFileType = sourcecode.swift; path = IDResultDetailViewController.swift; sourceTree = "<group>"; };
		A97D840F27197C1200DC28C0 /* IDResultDetailConfigurator.swift */ = {isa = PBXFileReference; fileEncoding = 4; lastKnownFileType = sourcecode.swift; path = IDResultDetailConfigurator.swift; sourceTree = "<group>"; };
		A97D841127197C1200DC28C0 /* IDResultDetailProtocols.swift */ = {isa = PBXFileReference; fileEncoding = 4; lastKnownFileType = sourcecode.swift; path = IDResultDetailProtocols.swift; sourceTree = "<group>"; };
		A97D841327197C1200DC28C0 /* IDResultDetailInteractorImpl.swift */ = {isa = PBXFileReference; fileEncoding = 4; lastKnownFileType = sourcecode.swift; path = IDResultDetailInteractorImpl.swift; sourceTree = "<group>"; };
		A97D841527197C1200DC28C0 /* IDResultDetailRouterImpl.swift */ = {isa = PBXFileReference; fileEncoding = 4; lastKnownFileType = sourcecode.swift; path = IDResultDetailRouterImpl.swift; sourceTree = "<group>"; };
		A97D843E271983A000DC28C0 /* RouterImpl.swift */ = {isa = PBXFileReference; fileEncoding = 4; lastKnownFileType = sourcecode.swift; path = RouterImpl.swift; sourceTree = "<group>"; };
		A97D843F271983A000DC28C0 /* Router.swift */ = {isa = PBXFileReference; fileEncoding = 4; lastKnownFileType = sourcecode.swift; path = Router.swift; sourceTree = "<group>"; };
		A97D8440271983A000DC28C0 /* AppModules.swift */ = {isa = PBXFileReference; fileEncoding = 4; lastKnownFileType = sourcecode.swift; path = AppModules.swift; sourceTree = "<group>"; };
		A97D844A2719886D00DC28C0 /* IDResultDetailViewController.xib */ = {isa = PBXFileReference; lastKnownFileType = file.xib; path = IDResultDetailViewController.xib; sourceTree = "<group>"; };
		A97D845727199CAA00DC28C0 /* R.swift */ = {isa = PBXFileReference; fileEncoding = 4; lastKnownFileType = sourcecode.swift; path = R.swift; sourceTree = "<group>"; };
		A97D84622719A0CD00DC28C0 /* en */ = {isa = PBXFileReference; lastKnownFileType = text.plist.strings; name = en; path = en.lproj/Localizable.strings; sourceTree = "<group>"; };
		A97D84642719A0D000DC28C0 /* es */ = {isa = PBXFileReference; lastKnownFileType = text.plist.strings; name = es; path = es.lproj/Localizable.strings; sourceTree = "<group>"; };
		A9AACFBA271D71F000D4F0BE /* GoogleService-Info.plist */ = {isa = PBXFileReference; fileEncoding = 4; lastKnownFileType = text.plist.xml; path = "GoogleService-Info.plist"; sourceTree = "<group>"; };
		A9AACFC8271D732700D4F0BE /* AnalyticsAgent.ScreenClass.swift */ = {isa = PBXFileReference; fileEncoding = 4; lastKnownFileType = sourcecode.swift; path = AnalyticsAgent.ScreenClass.swift; sourceTree = "<group>"; };
		A9AACFC9271D732700D4F0BE /* AnalyticsAgent.ScreenName.swift */ = {isa = PBXFileReference; fileEncoding = 4; lastKnownFileType = sourcecode.swift; path = AnalyticsAgent.ScreenName.swift; sourceTree = "<group>"; };
		A9AACFCA271D732700D4F0BE /* AnalyticsAgent.Event.swift */ = {isa = PBXFileReference; fileEncoding = 4; lastKnownFileType = sourcecode.swift; path = AnalyticsAgent.Event.swift; sourceTree = "<group>"; };
		A9AACFCC271D732700D4F0BE /* AnalyticsAgent.FirebaseProvider.swift */ = {isa = PBXFileReference; fileEncoding = 4; lastKnownFileType = sourcecode.swift; path = AnalyticsAgent.FirebaseProvider.swift; sourceTree = "<group>"; };
		A9AACFE3271D732700D4F0BE /* AnalyticsAgent.Space.Block.swift */ = {isa = PBXFileReference; fileEncoding = 4; lastKnownFileType = sourcecode.swift; path = AnalyticsAgent.Space.Block.swift; sourceTree = "<group>"; };
		A9AACFE5271D732700D4F0BE /* AnalyticsAgent.ScreenBlock.swift */ = {isa = PBXFileReference; fileEncoding = 4; lastKnownFileType = sourcecode.swift; path = AnalyticsAgent.ScreenBlock.swift; sourceTree = "<group>"; };
		A9AACFF1271D732700D4F0BE /* AnalyticsAgent.swift */ = {isa = PBXFileReference; fileEncoding = 4; lastKnownFileType = sourcecode.swift; path = AnalyticsAgent.swift; sourceTree = "<group>"; };
		A9AACFF7271D732800D4F0BE /* AnalyticsAgent.SpaceEvent.swift */ = {isa = PBXFileReference; fileEncoding = 4; lastKnownFileType = sourcecode.swift; path = AnalyticsAgent.SpaceEvent.swift; sourceTree = "<group>"; };
		A9AAD021271D732800D4F0BE /* AnalyticsAgent.SpaceScreen.swift */ = {isa = PBXFileReference; fileEncoding = 4; lastKnownFileType = sourcecode.swift; path = AnalyticsAgent.SpaceScreen.swift; sourceTree = "<group>"; };
		BAC50AD025C43840004CBA79 /* README.md */ = {isa = PBXFileReference; lastKnownFileType = net.daringfireball.markdown; path = README.md; sourceTree = "<group>"; };
/* End PBXFileReference section */

/* Begin PBXFrameworksBuildPhase section */
		22A2D6A425C4220F00E174E6 /* Frameworks */ = {
			isa = PBXFrameworksBuildPhase;
			buildActionMask = 2147483647;
			files = (
				A9AACFC0271D72FB00D4F0BE /* FirebaseAnalytics in Frameworks */,
				A9AACFC2271D72FB00D4F0BE /* FirebaseCrashlytics in Frameworks */,
			);
			runOnlyForDeploymentPostprocessing = 0;
		};
		22A2D6BA25C4221000E174E6 /* Frameworks */ = {
			isa = PBXFrameworksBuildPhase;
			buildActionMask = 2147483647;
			files = (
			);
			runOnlyForDeploymentPostprocessing = 0;
		};
		22A2D6C525C4221000E174E6 /* Frameworks */ = {
			isa = PBXFrameworksBuildPhase;
			buildActionMask = 2147483647;
			files = (
			);
			runOnlyForDeploymentPostprocessing = 0;
		};
/* End PBXFrameworksBuildPhase section */

/* Begin PBXGroup section */
		22A2D69E25C4220F00E174E6 = {
			isa = PBXGroup;
			children = (
				BAC50AD025C43840004CBA79 /* README.md */,
				22A2D6A925C4220F00E174E6 /* iOSCodeChallenge */,
				22A2D6C025C4221000E174E6 /* iOSCodeChallengeTests */,
				22A2D6CB25C4221000E174E6 /* iOSCodeChallengeUITests */,
				22A2D6A825C4220F00E174E6 /* Products */,
			);
			sourceTree = "<group>";
		};
		22A2D6A825C4220F00E174E6 /* Products */ = {
			isa = PBXGroup;
			children = (
				22A2D6A725C4220F00E174E6 /* iOSCodeChallenge.app */,
				22A2D6BD25C4221000E174E6 /* iOSCodeChallengeTests.xctest */,
				22A2D6C825C4221000E174E6 /* iOSCodeChallengeUITests.xctest */,
			);
			name = Products;
			sourceTree = "<group>";
		};
		22A2D6A925C4220F00E174E6 /* iOSCodeChallenge */ = {
			isa = PBXGroup;
			children = (
				A97D844E2719914E00DC28C0 /* Resource */,
				A97D83BC27197BD300DC28C0 /* Source */,
				22A2D6B325C4221000E174E6 /* Assets.xcassets */,
				22A2D6B525C4221000E174E6 /* LaunchScreen.storyboard */,
				22A2D6B825C4221000E174E6 /* Info.plist */,
			);
			path = iOSCodeChallenge;
			sourceTree = "<group>";
		};
		22A2D6C025C4221000E174E6 /* iOSCodeChallengeTests */ = {
			isa = PBXGroup;
			children = (
				22A2D6C125C4221000E174E6 /* iOSCodeChallengeTests.swift */,
				22A2D6C325C4221000E174E6 /* Info.plist */,
			);
			path = iOSCodeChallengeTests;
			sourceTree = "<group>";
		};
		22A2D6CB25C4221000E174E6 /* iOSCodeChallengeUITests */ = {
			isa = PBXGroup;
			children = (
				22A2D6CC25C4221000E174E6 /* iOSCodeChallengeUITests.swift */,
				22A2D6CE25C4221000E174E6 /* Info.plist */,
			);
			path = iOSCodeChallengeUITests;
			sourceTree = "<group>";
		};
		A9481359271B2F2C0015B582 /* Router */ = {
			isa = PBXGroup;
			children = (
				A948135A271B2F2C0015B582 /* IDResultListRouterImpl.swift */,
			);
			path = Router;
			sourceTree = "<group>";
		};
		A948135B271B2F2C0015B582 /* View */ = {
			isa = PBXGroup;
			children = (
				A948135E271B2F2C0015B582 /* Cell */,
				A948135D271B2F2C0015B582 /* IDResultListTableViewController.swift */,
				A948135C271B2F2C0015B582 /* IDResultListTableViewController.xib */,
			);
			path = View;
			sourceTree = "<group>";
		};
		A948135E271B2F2C0015B582 /* Cell */ = {
			isa = PBXGroup;
			children = (
				A9481360271B2F2C0015B582 /* IDResultListTableViewCell.swift */,
				A948135F271B2F2C0015B582 /* IDResultListTableViewCell.xib */,
			);
			path = Cell;
			sourceTree = "<group>";
		};
		A9481361271B2F2C0015B582 /* Interactor */ = {
			isa = PBXGroup;
			children = (
				A9481362271B2F2C0015B582 /* IDResultListInteractorImpl.swift */,
			);
			path = Interactor;
			sourceTree = "<group>";
		};
		A9481363271B2F2C0015B582 /* Configurator */ = {
			isa = PBXGroup;
			children = (
				A9481364271B2F2C0015B582 /* IDResultListConfigurator.swift */,
			);
			path = Configurator;
			sourceTree = "<group>";
		};
		A9481365271B2F2C0015B582 /* Protocols */ = {
			isa = PBXGroup;
			children = (
				A9481366271B2F2C0015B582 /* IDResultListProtocols.swift */,
			);
			path = Protocols;
			sourceTree = "<group>";
		};
		A9481367271B2F2C0015B582 /* Presenter */ = {
			isa = PBXGroup;
			children = (
				A9481368271B2F2C0015B582 /* IDResultListPresenterImpl.swift */,
			);
			path = Presenter;
			sourceTree = "<group>";
		};
		A9481393271B3CC20015B582 /* Datamanager */ = {
			isa = PBXGroup;
			children = (
				A94813AF271B3CFB0015B582 /* Session */,
				A9481394271B3CC20015B582 /* APIClient */,
			);
			path = Datamanager;
			sourceTree = "<group>";
		};
		A9481394271B3CC20015B582 /* APIClient */ = {
			isa = PBXGroup;
			children = (
				A9481395271B3CC20015B582 /* DTOs */,
			);
			path = APIClient;
			sourceTree = "<group>";
		};
		A9481395271B3CC20015B582 /* DTOs */ = {
			isa = PBXGroup;
			children = (
				A9481396271B3CC20015B582 /* IDResultMultimediaDTO.swift */,
				A9481397271B3CC20015B582 /* IDResultsDTO.swift */,
				A9481398271B3CC20015B582 /* IDResultDTO.swift */,
				A9481399271B3CC20015B582 /* IDResultMultimediaImageDTO.swift */,
			);
			path = DTOs;
			sourceTree = "<group>";
		};
		A94813AF271B3CFB0015B582 /* Session */ = {
			isa = PBXGroup;
			children = (
				A94813B0271B3CFB0015B582 /* SessionDataManager.swift */,
			);
			path = Session;
			sourceTree = "<group>";
		};
		A94813BA271B3E5D0015B582 /* Wrapper */ = {
			isa = PBXGroup;
			children = (
				A94813BB271B3E5D0015B582 /* UserDefaultWrapper.swift */,
			);
			path = Wrapper;
			sourceTree = "<group>";
		};
		A94813C8271B610C0015B582 /* Interactors */ = {
			isa = PBXGroup;
			children = (
				A94813C9271B610C0015B582 /* IDSpaceInteractorImpl.swift */,
			);
			path = Interactors;
			sourceTree = "<group>";
		};
		A94813D6271C24670015B582 /* Extensions */ = {
			isa = PBXGroup;
			children = (
				A94813D7271C24670015B582 /* UI */,
			);
			path = Extensions;
			sourceTree = "<group>";
		};
		A94813D7271C24670015B582 /* UI */ = {
			isa = PBXGroup;
			children = (
				A94813D8271C24670015B582 /* UIFontExten.swift */,
				A94813D9271C24670015B582 /* UIImageViewExten.swift */,
				A94813DA271C24670015B582 /* UIViewExten.swift */,
			);
			path = UI;
			sourceTree = "<group>";
		};
		A953FEFF271ABDFB000819F9 /* Cell */ = {
			isa = PBXGroup;
			children = (
				A953FF01271ABDFB000819F9 /* IDResultDetailCollectionCellView.swift */,
				A953FF00271ABDFB000819F9 /* IDResultDetailCollectionCellView.xib */,
			);
			path = Cell;
			sourceTree = "<group>";
		};
		A953FF23271ABFDA000819F9 /* Fonts */ = {
			isa = PBXGroup;
			children = (
				A953FF24271ABFDA000819F9 /* JosefinSans */,
			);
			path = Fonts;
			sourceTree = "<group>";
		};
		A953FF24271ABFDA000819F9 /* JosefinSans */ = {
			isa = PBXGroup;
			children = (
				A953FF25271ABFDA000819F9 /* JosefinSans-Italic.ttf */,
				A953FF26271ABFDA000819F9 /* JosefinSans-Thin.ttf */,
				A953FF27271ABFDA000819F9 /* JosefinSans-Bold.ttf */,
				A953FF28271ABFDA000819F9 /* JosefinSans-Light.ttf */,
				A953FF29271ABFDA000819F9 /* JosefinSans-LightItalic.ttf */,
				A953FF2A271ABFDA000819F9 /* JosefinSans-SemiBold.ttf */,
				A953FF2B271ABFDA000819F9 /* JosefinSans-Regular.ttf */,
				A953FF2C271ABFDA000819F9 /* JosefinSans-BoldItalic.ttf */,
				A953FF2D271ABFDA000819F9 /* JosefinSans-ThinItalic.ttf */,
				A953FF2E271ABFDA000819F9 /* JosefinSans-SemiBoldItalic.ttf */,
			);
			path = JosefinSans;
			sourceTree = "<group>";
		};
		A97D83BC27197BD300DC28C0 /* Source */ = {
			isa = PBXGroup;
			children = (
				A97D843C271983A000DC28C0 /* Commons */,
				A9481393271B3CC20015B582 /* Datamanager */,
				A97D840727197C1200DC28C0 /* Features */,
				A97D83D627197BD400DC28C0 /* AppDelegate.swift */,
			);
			path = Source;
			sourceTree = "<group>";
		};
		A97D840727197C1200DC28C0 /* Features */ = {
			isa = PBXGroup;
			children = (
				A97D840827197C1200DC28C0 /* Detail */,
				A97D841627197C1200DC28C0 /* List */,
			);
			path = Features;
			sourceTree = "<group>";
		};
		A97D840827197C1200DC28C0 /* Detail */ = {
			isa = PBXGroup;
			children = (
				A97D840E27197C1200DC28C0 /* Configurator */,
				A97D841027197C1200DC28C0 /* Protocols */,
				A97D841227197C1200DC28C0 /* Interactor */,
				A97D841427197C1200DC28C0 /* Router */,
				A97D840927197C1200DC28C0 /* Presenter */,
				A97D840B27197C1200DC28C0 /* View */,
			);
			path = Detail;
			sourceTree = "<group>";
		};
		A97D840927197C1200DC28C0 /* Presenter */ = {
			isa = PBXGroup;
			children = (
				A97D840A27197C1200DC28C0 /* IDResultDetailPresenterImpl.swift */,
			);
			path = Presenter;
			sourceTree = "<group>";
		};
		A97D840B27197C1200DC28C0 /* View */ = {
			isa = PBXGroup;
			children = (
				A953FEFF271ABDFB000819F9 /* Cell */,
				A97D840D27197C1200DC28C0 /* IDResultDetailViewController.swift */,
				A97D844A2719886D00DC28C0 /* IDResultDetailViewController.xib */,
			);
			path = View;
			sourceTree = "<group>";
		};
		A97D840E27197C1200DC28C0 /* Configurator */ = {
			isa = PBXGroup;
			children = (
				A97D840F27197C1200DC28C0 /* IDResultDetailConfigurator.swift */,
			);
			path = Configurator;
			sourceTree = "<group>";
		};
		A97D841027197C1200DC28C0 /* Protocols */ = {
			isa = PBXGroup;
			children = (
				A97D841127197C1200DC28C0 /* IDResultDetailProtocols.swift */,
			);
			path = Protocols;
			sourceTree = "<group>";
		};
		A97D841227197C1200DC28C0 /* Interactor */ = {
			isa = PBXGroup;
			children = (
				A97D841327197C1200DC28C0 /* IDResultDetailInteractorImpl.swift */,
			);
			path = Interactor;
			sourceTree = "<group>";
		};
		A97D841427197C1200DC28C0 /* Router */ = {
			isa = PBXGroup;
			children = (
				A97D841527197C1200DC28C0 /* IDResultDetailRouterImpl.swift */,
			);
			path = Router;
			sourceTree = "<group>";
		};
		A97D841627197C1200DC28C0 /* List */ = {
			isa = PBXGroup;
			children = (
				A9481363271B2F2C0015B582 /* Configurator */,
				A9481365271B2F2C0015B582 /* Protocols */,
				A9481361271B2F2C0015B582 /* Interactor */,
				A9481359271B2F2C0015B582 /* Router */,
				A9481367271B2F2C0015B582 /* Presenter */,
				A948135B271B2F2C0015B582 /* View */,
			);
			path = List;
			sourceTree = "<group>";
		};
		A97D843C271983A000DC28C0 /* Commons */ = {
			isa = PBXGroup;
			children = (
				A9AACFC3271D732700D4F0BE /* Analytics */,
				A94813C8271B610C0015B582 /* Interactors */,
				A94813BA271B3E5D0015B582 /* Wrapper */,
				A94813D6271C24670015B582 /* Extensions */,
				A97D845627199CAA00DC28C0 /* Utils */,
				A97D843D271983A000DC28C0 /* Router */,
			);
			path = Commons;
			sourceTree = "<group>";
		};
		A97D843D271983A000DC28C0 /* Router */ = {
			isa = PBXGroup;
			children = (
				A97D843F271983A000DC28C0 /* Router.swift */,
				A97D843E271983A000DC28C0 /* RouterImpl.swift */,
				A97D8440271983A000DC28C0 /* AppModules.swift */,
			);
			path = Router;
			sourceTree = "<group>";
		};
		A97D844E2719914E00DC28C0 /* Resource */ = {
			isa = PBXGroup;
			children = (
				A9AACFB9271D71F000D4F0BE /* Analytics */,
				A953FF23271ABFDA000819F9 /* Fonts */,
				A97D844F2719914E00DC28C0 /* Strings */,
			);
			path = Resource;
			sourceTree = "<group>";
		};
		A97D844F2719914E00DC28C0 /* Strings */ = {
			isa = PBXGroup;
			children = (
				A97D84632719A0CD00DC28C0 /* Localizable.strings */,
			);
			path = Strings;
			sourceTree = "<group>";
		};
		A97D845627199CAA00DC28C0 /* Utils */ = {
			isa = PBXGroup;
			children = (
				A97D845727199CAA00DC28C0 /* R.swift */,
			);
			path = Utils;
			sourceTree = "<group>";
		};
		A9AACFB9271D71F000D4F0BE /* Analytics */ = {
			isa = PBXGroup;
			children = (
				A9AACFBA271D71F000D4F0BE /* GoogleService-Info.plist */,
			);
			path = Analytics;
			sourceTree = "<group>";
		};
		A9AACFC3271D732700D4F0BE /* Analytics */ = {
			isa = PBXGroup;
			children = (
				A9AACFF1271D732700D4F0BE /* AnalyticsAgent.swift */,
				A9AACFC7271D732700D4F0BE /* Constants */,
				A9AACFCB271D732700D4F0BE /* Providers */,
				A9AACFE1271D732700D4F0BE /* FirebaseDatasource */,
				A9AACFF2271D732700D4F0BE /* TrackEvents */,
				A9AAD01A271D732800D4F0BE /* TrackScreen */,
			);
			path = Analytics;
			sourceTree = "<group>";
		};
		A9AACFC7271D732700D4F0BE /* Constants */ = {
			isa = PBXGroup;
			children = (
				A9AACFC8271D732700D4F0BE /* AnalyticsAgent.ScreenClass.swift */,
				A9AACFC9271D732700D4F0BE /* AnalyticsAgent.ScreenName.swift */,
				A9AACFCA271D732700D4F0BE /* AnalyticsAgent.Event.swift */,
			);
			path = Constants;
			sourceTree = "<group>";
		};
		A9AACFCB271D732700D4F0BE /* Providers */ = {
			isa = PBXGroup;
			children = (
				A9AACFCC271D732700D4F0BE /* AnalyticsAgent.FirebaseProvider.swift */,
			);
			path = Providers;
			sourceTree = "<group>";
		};
		A9AACFE1271D732700D4F0BE /* FirebaseDatasource */ = {
			isa = PBXGroup;
			children = (
				A9AACFE2271D732700D4F0BE /* Space */,
				A9AACFE4271D732700D4F0BE /* General */,
			);
			path = FirebaseDatasource;
			sourceTree = "<group>";
		};
		A9AACFE2271D732700D4F0BE /* Space */ = {
			isa = PBXGroup;
			children = (
				A9AACFE3271D732700D4F0BE /* AnalyticsAgent.Space.Block.swift */,
			);
			path = Space;
			sourceTree = "<group>";
		};
		A9AACFE4271D732700D4F0BE /* General */ = {
			isa = PBXGroup;
			children = (
				A9AACFE5271D732700D4F0BE /* AnalyticsAgent.ScreenBlock.swift */,
			);
			path = General;
			sourceTree = "<group>";
		};
		A9AACFF2271D732700D4F0BE /* TrackEvents */ = {
			isa = PBXGroup;
			children = (
				A9AACFF7271D732800D4F0BE /* AnalyticsAgent.SpaceEvent.swift */,
			);
			path = TrackEvents;
			sourceTree = "<group>";
		};
		A9AAD01A271D732800D4F0BE /* TrackScreen */ = {
			isa = PBXGroup;
			children = (
				A9AAD021271D732800D4F0BE /* AnalyticsAgent.SpaceScreen.swift */,
			);
			path = TrackScreen;
			sourceTree = "<group>";
		};
/* End PBXGroup section */

/* Begin PBXNativeTarget section */
		22A2D6A625C4220F00E174E6 /* iOSCodeChallenge */ = {
			isa = PBXNativeTarget;
			buildConfigurationList = 22A2D6D125C4221000E174E6 /* Build configuration list for PBXNativeTarget "iOSCodeChallenge" */;
			buildPhases = (
				22A2D6A325C4220F00E174E6 /* Sources */,
				22A2D6A425C4220F00E174E6 /* Frameworks */,
				22A2D6A525C4220F00E174E6 /* Resources */,
			);
			buildRules = (
			);
			dependencies = (
			);
			name = iOSCodeChallenge;
			packageProductDependencies = (
				A9AACFBF271D72FB00D4F0BE /* FirebaseAnalytics */,
				A9AACFC1271D72FB00D4F0BE /* FirebaseCrashlytics */,
			);
			productName = iOSCodeChallenge;
			productReference = 22A2D6A725C4220F00E174E6 /* iOSCodeChallenge.app */;
			productType = "com.apple.product-type.application";
		};
		22A2D6BC25C4221000E174E6 /* iOSCodeChallengeTests */ = {
			isa = PBXNativeTarget;
			buildConfigurationList = 22A2D6D425C4221000E174E6 /* Build configuration list for PBXNativeTarget "iOSCodeChallengeTests" */;
			buildPhases = (
				22A2D6B925C4221000E174E6 /* Sources */,
				22A2D6BA25C4221000E174E6 /* Frameworks */,
				22A2D6BB25C4221000E174E6 /* Resources */,
			);
			buildRules = (
			);
			dependencies = (
				22A2D6BF25C4221000E174E6 /* PBXTargetDependency */,
			);
			name = iOSCodeChallengeTests;
			productName = iOSCodeChallengeTests;
			productReference = 22A2D6BD25C4221000E174E6 /* iOSCodeChallengeTests.xctest */;
			productType = "com.apple.product-type.bundle.unit-test";
		};
		22A2D6C725C4221000E174E6 /* iOSCodeChallengeUITests */ = {
			isa = PBXNativeTarget;
			buildConfigurationList = 22A2D6D725C4221000E174E6 /* Build configuration list for PBXNativeTarget "iOSCodeChallengeUITests" */;
			buildPhases = (
				22A2D6C425C4221000E174E6 /* Sources */,
				22A2D6C525C4221000E174E6 /* Frameworks */,
				22A2D6C625C4221000E174E6 /* Resources */,
			);
			buildRules = (
			);
			dependencies = (
				22A2D6CA25C4221000E174E6 /* PBXTargetDependency */,
			);
			name = iOSCodeChallengeUITests;
			productName = iOSCodeChallengeUITests;
			productReference = 22A2D6C825C4221000E174E6 /* iOSCodeChallengeUITests.xctest */;
			productType = "com.apple.product-type.bundle.ui-testing";
		};
/* End PBXNativeTarget section */

/* Begin PBXProject section */
		22A2D69F25C4220F00E174E6 /* Project object */ = {
			isa = PBXProject;
			attributes = {
				LastSwiftUpdateCheck = 1240;
				LastUpgradeCheck = 1300;
				TargetAttributes = {
					22A2D6A625C4220F00E174E6 = {
						CreatedOnToolsVersion = 12.4;
					};
					22A2D6BC25C4221000E174E6 = {
						CreatedOnToolsVersion = 12.4;
						TestTargetID = 22A2D6A625C4220F00E174E6;
					};
					22A2D6C725C4221000E174E6 = {
						CreatedOnToolsVersion = 12.4;
						TestTargetID = 22A2D6A625C4220F00E174E6;
					};
				};
			};
			buildConfigurationList = 22A2D6A225C4220F00E174E6 /* Build configuration list for PBXProject "iOSCodeChallenge" */;
			compatibilityVersion = "Xcode 9.3";
			developmentRegion = en;
			hasScannedForEncodings = 0;
			knownRegions = (
				en,
				Base,
				es,
			);
			mainGroup = 22A2D69E25C4220F00E174E6;
			packageReferences = (
				A9AACFBE271D72FB00D4F0BE /* XCRemoteSwiftPackageReference "firebase-ios-sdk" */,
			);
			productRefGroup = 22A2D6A825C4220F00E174E6 /* Products */;
			projectDirPath = "";
			projectRoot = "";
			targets = (
				22A2D6A625C4220F00E174E6 /* iOSCodeChallenge */,
				22A2D6BC25C4221000E174E6 /* iOSCodeChallengeTests */,
				22A2D6C725C4221000E174E6 /* iOSCodeChallengeUITests */,
			);
		};
/* End PBXProject section */

/* Begin PBXResourcesBuildPhase section */
		22A2D6A525C4220F00E174E6 /* Resources */ = {
			isa = PBXResourcesBuildPhase;
			buildActionMask = 2147483647;
			files = (
				A953FF2F271ABFDA000819F9 /* JosefinSans-Italic.ttf in Resources */,
				A953FF3B271ABFDA000819F9 /* JosefinSans-LightItalic.ttf in Resources */,
				A953FF4A271ABFDA000819F9 /* JosefinSans-SemiBoldItalic.ttf in Resources */,
				22A2D6B725C4221000E174E6 /* LaunchScreen.storyboard in Resources */,
				A953FF38271ABFDA000819F9 /* JosefinSans-Light.ttf in Resources */,
				A948136C271B2F2C0015B582 /* IDResultListTableViewController.xib in Resources */,
				A97D845F2719A0CD00DC28C0 /* Localizable.strings in Resources */,
				A97D844B2719886D00DC28C0 /* IDResultDetailViewController.xib in Resources */,
				A953FF44271ABFDA000819F9 /* JosefinSans-BoldItalic.ttf in Resources */,
				A953FF02271ABDFB000819F9 /* IDResultDetailCollectionCellView.xib in Resources */,
				22A2D6B425C4221000E174E6 /* Assets.xcassets in Resources */,
				A9AACFBB271D71F000D4F0BE /* GoogleService-Info.plist in Resources */,
				A953FF3E271ABFDA000819F9 /* JosefinSans-SemiBold.ttf in Resources */,
				A9481372271B2F2C0015B582 /* IDResultListTableViewCell.xib in Resources */,
				A953FF41271ABFDA000819F9 /* JosefinSans-Regular.ttf in Resources */,
				A953FF32271ABFDA000819F9 /* JosefinSans-Thin.ttf in Resources */,
				A953FF35271ABFDA000819F9 /* JosefinSans-Bold.ttf in Resources */,
				A953FF47271ABFDA000819F9 /* JosefinSans-ThinItalic.ttf in Resources */,
			);
			runOnlyForDeploymentPostprocessing = 0;
		};
		22A2D6BB25C4221000E174E6 /* Resources */ = {
			isa = PBXResourcesBuildPhase;
			buildActionMask = 2147483647;
			files = (
				A953FF39271ABFDA000819F9 /* JosefinSans-Light.ttf in Resources */,
				A953FF48271ABFDA000819F9 /* JosefinSans-ThinItalic.ttf in Resources */,
				A953FF42271ABFDA000819F9 /* JosefinSans-Regular.ttf in Resources */,
				A953FF03271ABDFB000819F9 /* IDResultDetailCollectionCellView.xib in Resources */,
				A953FF45271ABFDA000819F9 /* JosefinSans-BoldItalic.ttf in Resources */,
				A953FF36271ABFDA000819F9 /* JosefinSans-Bold.ttf in Resources */,
				A953FF4B271ABFDA000819F9 /* JosefinSans-SemiBoldItalic.ttf in Resources */,
				A97D84602719A0CD00DC28C0 /* Localizable.strings in Resources */,
				A953FF30271ABFDA000819F9 /* JosefinSans-Italic.ttf in Resources */,
				A9AACFBC271D71F000D4F0BE /* GoogleService-Info.plist in Resources */,
				A953FF33271ABFDA000819F9 /* JosefinSans-Thin.ttf in Resources */,
				A948136D271B2F2C0015B582 /* IDResultListTableViewController.xib in Resources */,
				A953FF3F271ABFDA000819F9 /* JosefinSans-SemiBold.ttf in Resources */,
				A9481373271B2F2C0015B582 /* IDResultListTableViewCell.xib in Resources */,
				A97D844C2719886D00DC28C0 /* IDResultDetailViewController.xib in Resources */,
				A953FF3C271ABFDA000819F9 /* JosefinSans-LightItalic.ttf in Resources */,
			);
			runOnlyForDeploymentPostprocessing = 0;
		};
		22A2D6C625C4221000E174E6 /* Resources */ = {
			isa = PBXResourcesBuildPhase;
			buildActionMask = 2147483647;
			files = (
				A953FF3A271ABFDA000819F9 /* JosefinSans-Light.ttf in Resources */,
				A953FF49271ABFDA000819F9 /* JosefinSans-ThinItalic.ttf in Resources */,
				A953FF43271ABFDA000819F9 /* JosefinSans-Regular.ttf in Resources */,
				A953FF04271ABDFB000819F9 /* IDResultDetailCollectionCellView.xib in Resources */,
				A953FF46271ABFDA000819F9 /* JosefinSans-BoldItalic.ttf in Resources */,
				A953FF37271ABFDA000819F9 /* JosefinSans-Bold.ttf in Resources */,
				A953FF4C271ABFDA000819F9 /* JosefinSans-SemiBoldItalic.ttf in Resources */,
				A97D84612719A0CD00DC28C0 /* Localizable.strings in Resources */,
				A953FF31271ABFDA000819F9 /* JosefinSans-Italic.ttf in Resources */,
				A9AACFBD271D71F000D4F0BE /* GoogleService-Info.plist in Resources */,
				A953FF34271ABFDA000819F9 /* JosefinSans-Thin.ttf in Resources */,
				A948136E271B2F2C0015B582 /* IDResultListTableViewController.xib in Resources */,
				A953FF40271ABFDA000819F9 /* JosefinSans-SemiBold.ttf in Resources */,
				A9481374271B2F2C0015B582 /* IDResultListTableViewCell.xib in Resources */,
				A97D844D2719886D00DC28C0 /* IDResultDetailViewController.xib in Resources */,
				A953FF3D271ABFDA000819F9 /* JosefinSans-LightItalic.ttf in Resources */,
			);
			runOnlyForDeploymentPostprocessing = 0;
		};
/* End PBXResourcesBuildPhase section */

/* Begin PBXSourcesBuildPhase section */
		22A2D6A325C4220F00E174E6 /* Sources */ = {
			isa = PBXSourcesBuildPhase;
			buildActionMask = 2147483647;
			files = (
				A9AAD090271D732800D4F0BE /* AnalyticsAgent.SpaceEvent.swift in Sources */,
				A9481378271B2F2C0015B582 /* IDResultListInteractorImpl.swift in Sources */,
				A9AAD0FF271D732900D4F0BE /* AnalyticsAgent.SpaceScreen.swift in Sources */,
				A953FF05271ABDFB000819F9 /* IDResultDetailCollectionCellView.swift in Sources */,
				A94813DE271C24680015B582 /* UIImageViewExten.swift in Sources */,
				A9AAD066271D732800D4F0BE /* AnalyticsAgent.Space.Block.swift in Sources */,
				A9AAD033271D732800D4F0BE /* AnalyticsAgent.ScreenName.swift in Sources */,
				A94813DB271C24680015B582 /* UIFontExten.swift in Sources */,
				A948139D271B3CC20015B582 /* IDResultsDTO.swift in Sources */,
				A97D842A27197C1200DC28C0 /* IDResultDetailInteractorImpl.swift in Sources */,
				A9AAD036271D732800D4F0BE /* AnalyticsAgent.Event.swift in Sources */,
				A97D842D27197C1200DC28C0 /* IDResultDetailRouterImpl.swift in Sources */,
				A94813E1271C24680015B582 /* UIViewExten.swift in Sources */,
				A9AAD069271D732800D4F0BE /* AnalyticsAgent.ScreenBlock.swift in Sources */,
				A97D841B27197C1200DC28C0 /* IDResultDetailPresenterImpl.swift in Sources */,
				A948137B271B2F2C0015B582 /* IDResultListConfigurator.swift in Sources */,
				A94813CA271B610C0015B582 /* IDSpaceInteractorImpl.swift in Sources */,
				A9AAD030271D732800D4F0BE /* AnalyticsAgent.ScreenClass.swift in Sources */,
				A9481369271B2F2C0015B582 /* IDResultListRouterImpl.swift in Sources */,
				A9AAD081271D732800D4F0BE /* AnalyticsAgent.swift in Sources */,
				A97D8447271983A000DC28C0 /* AppModules.swift in Sources */,
				A97D8444271983A000DC28C0 /* Router.swift in Sources */,
				A97D842127197C1200DC28C0 /* IDResultDetailViewController.swift in Sources */,
				A9481381271B2F2C0015B582 /* IDResultListPresenterImpl.swift in Sources */,
				A948137E271B2F2C0015B582 /* IDResultListProtocols.swift in Sources */,
				A94813A0271B3CC20015B582 /* IDResultDTO.swift in Sources */,
				A97D8441271983A000DC28C0 /* RouterImpl.swift in Sources */,
				A97D842427197C1200DC28C0 /* IDResultDetailConfigurator.swift in Sources */,
				A97D845827199CAA00DC28C0 /* R.swift in Sources */,
				A94813A3271B3CC20015B582 /* IDResultMultimediaImageDTO.swift in Sources */,
				A97D840427197BD400DC28C0 /* AppDelegate.swift in Sources */,
				A948136F271B2F2C0015B582 /* IDResultListTableViewController.swift in Sources */,
				A94813B1271B3CFB0015B582 /* SessionDataManager.swift in Sources */,
				A94813BC271B3E5D0015B582 /* UserDefaultWrapper.swift in Sources */,
				A948139A271B3CC20015B582 /* IDResultMultimediaDTO.swift in Sources */,
				A9481375271B2F2C0015B582 /* IDResultListTableViewCell.swift in Sources */,
				A9AAD039271D732800D4F0BE /* AnalyticsAgent.FirebaseProvider.swift in Sources */,
				A97D842727197C1200DC28C0 /* IDResultDetailProtocols.swift in Sources */,
			);
			runOnlyForDeploymentPostprocessing = 0;
		};
		22A2D6B925C4221000E174E6 /* Sources */ = {
			isa = PBXSourcesBuildPhase;
			buildActionMask = 2147483647;
			files = (
				A948136A271B2F2C0015B582 /* IDResultListRouterImpl.swift in Sources */,
				A9AAD06A271D732800D4F0BE /* AnalyticsAgent.ScreenBlock.swift in Sources */,
				A97D8448271983A000DC28C0 /* AppModules.swift in Sources */,
				A9481379271B2F2C0015B582 /* IDResultListInteractorImpl.swift in Sources */,
				A94813CB271B610C0015B582 /* IDSpaceInteractorImpl.swift in Sources */,
				A9AAD034271D732800D4F0BE /* AnalyticsAgent.ScreenName.swift in Sources */,
				A97D842E27197C1200DC28C0 /* IDResultDetailRouterImpl.swift in Sources */,
				A97D8442271983A000DC28C0 /* RouterImpl.swift in Sources */,
				A94813A1271B3CC20015B582 /* IDResultDTO.swift in Sources */,
				A94813DC271C24680015B582 /* UIFontExten.swift in Sources */,
				A9AAD091271D732800D4F0BE /* AnalyticsAgent.SpaceEvent.swift in Sources */,
				A94813A4271B3CC20015B582 /* IDResultMultimediaImageDTO.swift in Sources */,
				A948137F271B2F2C0015B582 /* IDResultListProtocols.swift in Sources */,
				A9AAD067271D732800D4F0BE /* AnalyticsAgent.Space.Block.swift in Sources */,
				A97D842B27197C1200DC28C0 /* IDResultDetailInteractorImpl.swift in Sources */,
				A9481382271B2F2C0015B582 /* IDResultListPresenterImpl.swift in Sources */,
				A9481370271B2F2C0015B582 /* IDResultListTableViewController.swift in Sources */,
				A94813B2271B3CFB0015B582 /* SessionDataManager.swift in Sources */,
				A97D840527197BD400DC28C0 /* AppDelegate.swift in Sources */,
				A97D841C27197C1200DC28C0 /* IDResultDetailPresenterImpl.swift in Sources */,
				A94813DF271C24680015B582 /* UIImageViewExten.swift in Sources */,
				A97D842827197C1200DC28C0 /* IDResultDetailProtocols.swift in Sources */,
				A94813E2271C24680015B582 /* UIViewExten.swift in Sources */,
				A97D8445271983A000DC28C0 /* Router.swift in Sources */,
				A94813BD271B3E5D0015B582 /* UserDefaultWrapper.swift in Sources */,
				A9AAD037271D732800D4F0BE /* AnalyticsAgent.Event.swift in Sources */,
				A9AAD03A271D732800D4F0BE /* AnalyticsAgent.FirebaseProvider.swift in Sources */,
				A97D842227197C1200DC28C0 /* IDResultDetailViewController.swift in Sources */,
				A97D845927199CAA00DC28C0 /* R.swift in Sources */,
				A9AAD082271D732800D4F0BE /* AnalyticsAgent.swift in Sources */,
				22A2D6C225C4221000E174E6 /* iOSCodeChallengeTests.swift in Sources */,
				A953FF06271ABDFB000819F9 /* IDResultDetailCollectionCellView.swift in Sources */,
				A9AAD031271D732800D4F0BE /* AnalyticsAgent.ScreenClass.swift in Sources */,
				A9481376271B2F2C0015B582 /* IDResultListTableViewCell.swift in Sources */,
				A948139B271B3CC20015B582 /* IDResultMultimediaDTO.swift in Sources */,
				A9AAD100271D732900D4F0BE /* AnalyticsAgent.SpaceScreen.swift in Sources */,
				A97D842527197C1200DC28C0 /* IDResultDetailConfigurator.swift in Sources */,
				A948137C271B2F2C0015B582 /* IDResultListConfigurator.swift in Sources */,
				A948139E271B3CC20015B582 /* IDResultsDTO.swift in Sources */,
			);
			runOnlyForDeploymentPostprocessing = 0;
		};
		22A2D6C425C4221000E174E6 /* Sources */ = {
			isa = PBXSourcesBuildPhase;
			buildActionMask = 2147483647;
			files = (
				A948136B271B2F2C0015B582 /* IDResultListRouterImpl.swift in Sources */,
				A9AAD06B271D732800D4F0BE /* AnalyticsAgent.ScreenBlock.swift in Sources */,
				A97D8449271983A000DC28C0 /* AppModules.swift in Sources */,
				A948137A271B2F2C0015B582 /* IDResultListInteractorImpl.swift in Sources */,
				A94813CC271B610C0015B582 /* IDSpaceInteractorImpl.swift in Sources */,
				A9AAD035271D732800D4F0BE /* AnalyticsAgent.ScreenName.swift in Sources */,
				A97D842F27197C1200DC28C0 /* IDResultDetailRouterImpl.swift in Sources */,
				A97D8443271983A000DC28C0 /* RouterImpl.swift in Sources */,
				A94813A2271B3CC20015B582 /* IDResultDTO.swift in Sources */,
				A94813DD271C24680015B582 /* UIFontExten.swift in Sources */,
				A9AAD092271D732800D4F0BE /* AnalyticsAgent.SpaceEvent.swift in Sources */,
				A94813A5271B3CC20015B582 /* IDResultMultimediaImageDTO.swift in Sources */,
				A9481380271B2F2C0015B582 /* IDResultListProtocols.swift in Sources */,
				A9AAD068271D732800D4F0BE /* AnalyticsAgent.Space.Block.swift in Sources */,
				A97D842C27197C1200DC28C0 /* IDResultDetailInteractorImpl.swift in Sources */,
				A9481383271B2F2C0015B582 /* IDResultListPresenterImpl.swift in Sources */,
				A9481371271B2F2C0015B582 /* IDResultListTableViewController.swift in Sources */,
				A94813B3271B3CFB0015B582 /* SessionDataManager.swift in Sources */,
				A97D840627197BD400DC28C0 /* AppDelegate.swift in Sources */,
				A97D841D27197C1200DC28C0 /* IDResultDetailPresenterImpl.swift in Sources */,
				A94813E0271C24680015B582 /* UIImageViewExten.swift in Sources */,
				A97D842927197C1200DC28C0 /* IDResultDetailProtocols.swift in Sources */,
				A94813E3271C24680015B582 /* UIViewExten.swift in Sources */,
				A97D8446271983A000DC28C0 /* Router.swift in Sources */,
				A94813BE271B3E5D0015B582 /* UserDefaultWrapper.swift in Sources */,
				A9AAD038271D732800D4F0BE /* AnalyticsAgent.Event.swift in Sources */,
				A9AAD03B271D732800D4F0BE /* AnalyticsAgent.FirebaseProvider.swift in Sources */,
				A97D842327197C1200DC28C0 /* IDResultDetailViewController.swift in Sources */,
				A97D845A27199CAA00DC28C0 /* R.swift in Sources */,
				A9AAD083271D732800D4F0BE /* AnalyticsAgent.swift in Sources */,
				22A2D6CD25C4221000E174E6 /* iOSCodeChallengeUITests.swift in Sources */,
				A953FF07271ABDFB000819F9 /* IDResultDetailCollectionCellView.swift in Sources */,
				A9AAD032271D732800D4F0BE /* AnalyticsAgent.ScreenClass.swift in Sources */,
				A9481377271B2F2C0015B582 /* IDResultListTableViewCell.swift in Sources */,
				A948139C271B3CC20015B582 /* IDResultMultimediaDTO.swift in Sources */,
				A9AAD101271D732900D4F0BE /* AnalyticsAgent.SpaceScreen.swift in Sources */,
				A97D842627197C1200DC28C0 /* IDResultDetailConfigurator.swift in Sources */,
				A948137D271B2F2C0015B582 /* IDResultListConfigurator.swift in Sources */,
				A948139F271B3CC20015B582 /* IDResultsDTO.swift in Sources */,
			);
			runOnlyForDeploymentPostprocessing = 0;
		};
/* End PBXSourcesBuildPhase section */

/* Begin PBXTargetDependency section */
		22A2D6BF25C4221000E174E6 /* PBXTargetDependency */ = {
			isa = PBXTargetDependency;
			target = 22A2D6A625C4220F00E174E6 /* iOSCodeChallenge */;
			targetProxy = 22A2D6BE25C4221000E174E6 /* PBXContainerItemProxy */;
		};
		22A2D6CA25C4221000E174E6 /* PBXTargetDependency */ = {
			isa = PBXTargetDependency;
			target = 22A2D6A625C4220F00E174E6 /* iOSCodeChallenge */;
			targetProxy = 22A2D6C925C4221000E174E6 /* PBXContainerItemProxy */;
		};
/* End PBXTargetDependency section */

/* Begin PBXVariantGroup section */
		22A2D6B525C4221000E174E6 /* LaunchScreen.storyboard */ = {
			isa = PBXVariantGroup;
			children = (
				22A2D6B625C4221000E174E6 /* Base */,
			);
			name = LaunchScreen.storyboard;
			sourceTree = "<group>";
		};
		A97D84632719A0CD00DC28C0 /* Localizable.strings */ = {
			isa = PBXVariantGroup;
			children = (
				A97D84622719A0CD00DC28C0 /* en */,
				A97D84642719A0D000DC28C0 /* es */,
			);
			name = Localizable.strings;
			sourceTree = "<group>";
		};
/* End PBXVariantGroup section */

/* Begin XCBuildConfiguration section */
		22A2D6CF25C4221000E174E6 /* Debug */ = {
			isa = XCBuildConfiguration;
			buildSettings = {
				ALWAYS_SEARCH_USER_PATHS = NO;
				CLANG_ANALYZER_LOCALIZABILITY_NONLOCALIZED = YES;
				CLANG_ANALYZER_NONNULL = YES;
				CLANG_ANALYZER_NUMBER_OBJECT_CONVERSION = YES_AGGRESSIVE;
				CLANG_CXX_LANGUAGE_STANDARD = "gnu++14";
				CLANG_CXX_LIBRARY = "libc++";
				CLANG_ENABLE_MODULES = YES;
				CLANG_ENABLE_OBJC_ARC = YES;
				CLANG_ENABLE_OBJC_WEAK = YES;
				CLANG_WARN_BLOCK_CAPTURE_AUTORELEASING = YES;
				CLANG_WARN_BOOL_CONVERSION = YES;
				CLANG_WARN_COMMA = YES;
				CLANG_WARN_CONSTANT_CONVERSION = YES;
				CLANG_WARN_DEPRECATED_OBJC_IMPLEMENTATIONS = YES;
				CLANG_WARN_DIRECT_OBJC_ISA_USAGE = YES_ERROR;
				CLANG_WARN_DOCUMENTATION_COMMENTS = YES;
				CLANG_WARN_EMPTY_BODY = YES;
				CLANG_WARN_ENUM_CONVERSION = YES;
				CLANG_WARN_INFINITE_RECURSION = YES;
				CLANG_WARN_INT_CONVERSION = YES;
				CLANG_WARN_NON_LITERAL_NULL_CONVERSION = YES;
				CLANG_WARN_OBJC_IMPLICIT_RETAIN_SELF = YES;
				CLANG_WARN_OBJC_LITERAL_CONVERSION = YES;
				CLANG_WARN_OBJC_ROOT_CLASS = YES_ERROR;
				CLANG_WARN_QUOTED_INCLUDE_IN_FRAMEWORK_HEADER = YES;
				CLANG_WARN_RANGE_LOOP_ANALYSIS = YES;
				CLANG_WARN_STRICT_PROTOTYPES = YES;
				CLANG_WARN_SUSPICIOUS_MOVE = YES;
				CLANG_WARN_UNGUARDED_AVAILABILITY = YES_AGGRESSIVE;
				CLANG_WARN_UNREACHABLE_CODE = YES;
				CLANG_WARN__DUPLICATE_METHOD_MATCH = YES;
				COPY_PHASE_STRIP = NO;
				DEBUG_INFORMATION_FORMAT = dwarf;
				ENABLE_STRICT_OBJC_MSGSEND = YES;
				ENABLE_TESTABILITY = YES;
				GCC_C_LANGUAGE_STANDARD = gnu11;
				GCC_DYNAMIC_NO_PIC = NO;
				GCC_NO_COMMON_BLOCKS = YES;
				GCC_OPTIMIZATION_LEVEL = 0;
				GCC_PREPROCESSOR_DEFINITIONS = (
					"DEBUG=1",
					"$(inherited)",
				);
				GCC_WARN_64_TO_32_BIT_CONVERSION = YES;
				GCC_WARN_ABOUT_RETURN_TYPE = YES_ERROR;
				GCC_WARN_UNDECLARED_SELECTOR = YES;
				GCC_WARN_UNINITIALIZED_AUTOS = YES_AGGRESSIVE;
				GCC_WARN_UNUSED_FUNCTION = YES;
				GCC_WARN_UNUSED_VARIABLE = YES;
				IPHONEOS_DEPLOYMENT_TARGET = 14.4;
				MTL_ENABLE_DEBUG_INFO = INCLUDE_SOURCE;
				MTL_FAST_MATH = YES;
				ONLY_ACTIVE_ARCH = YES;
				SDKROOT = iphoneos;
				SWIFT_ACTIVE_COMPILATION_CONDITIONS = DEBUG;
				SWIFT_OPTIMIZATION_LEVEL = "-Onone";
			};
			name = Debug;
		};
		22A2D6D025C4221000E174E6 /* Release */ = {
			isa = XCBuildConfiguration;
			buildSettings = {
				ALWAYS_SEARCH_USER_PATHS = NO;
				CLANG_ANALYZER_LOCALIZABILITY_NONLOCALIZED = YES;
				CLANG_ANALYZER_NONNULL = YES;
				CLANG_ANALYZER_NUMBER_OBJECT_CONVERSION = YES_AGGRESSIVE;
				CLANG_CXX_LANGUAGE_STANDARD = "gnu++14";
				CLANG_CXX_LIBRARY = "libc++";
				CLANG_ENABLE_MODULES = YES;
				CLANG_ENABLE_OBJC_ARC = YES;
				CLANG_ENABLE_OBJC_WEAK = YES;
				CLANG_WARN_BLOCK_CAPTURE_AUTORELEASING = YES;
				CLANG_WARN_BOOL_CONVERSION = YES;
				CLANG_WARN_COMMA = YES;
				CLANG_WARN_CONSTANT_CONVERSION = YES;
				CLANG_WARN_DEPRECATED_OBJC_IMPLEMENTATIONS = YES;
				CLANG_WARN_DIRECT_OBJC_ISA_USAGE = YES_ERROR;
				CLANG_WARN_DOCUMENTATION_COMMENTS = YES;
				CLANG_WARN_EMPTY_BODY = YES;
				CLANG_WARN_ENUM_CONVERSION = YES;
				CLANG_WARN_INFINITE_RECURSION = YES;
				CLANG_WARN_INT_CONVERSION = YES;
				CLANG_WARN_NON_LITERAL_NULL_CONVERSION = YES;
				CLANG_WARN_OBJC_IMPLICIT_RETAIN_SELF = YES;
				CLANG_WARN_OBJC_LITERAL_CONVERSION = YES;
				CLANG_WARN_OBJC_ROOT_CLASS = YES_ERROR;
				CLANG_WARN_QUOTED_INCLUDE_IN_FRAMEWORK_HEADER = YES;
				CLANG_WARN_RANGE_LOOP_ANALYSIS = YES;
				CLANG_WARN_STRICT_PROTOTYPES = YES;
				CLANG_WARN_SUSPICIOUS_MOVE = YES;
				CLANG_WARN_UNGUARDED_AVAILABILITY = YES_AGGRESSIVE;
				CLANG_WARN_UNREACHABLE_CODE = YES;
				CLANG_WARN__DUPLICATE_METHOD_MATCH = YES;
				COPY_PHASE_STRIP = NO;
				DEBUG_INFORMATION_FORMAT = "dwarf-with-dsym";
				ENABLE_NS_ASSERTIONS = NO;
				ENABLE_STRICT_OBJC_MSGSEND = YES;
				GCC_C_LANGUAGE_STANDARD = gnu11;
				GCC_NO_COMMON_BLOCKS = YES;
				GCC_WARN_64_TO_32_BIT_CONVERSION = YES;
				GCC_WARN_ABOUT_RETURN_TYPE = YES_ERROR;
				GCC_WARN_UNDECLARED_SELECTOR = YES;
				GCC_WARN_UNINITIALIZED_AUTOS = YES_AGGRESSIVE;
				GCC_WARN_UNUSED_FUNCTION = YES;
				GCC_WARN_UNUSED_VARIABLE = YES;
				IPHONEOS_DEPLOYMENT_TARGET = 14.4;
				MTL_ENABLE_DEBUG_INFO = NO;
				MTL_FAST_MATH = YES;
				SDKROOT = iphoneos;
				SWIFT_COMPILATION_MODE = wholemodule;
				SWIFT_OPTIMIZATION_LEVEL = "-O";
				VALIDATE_PRODUCT = YES;
			};
			name = Release;
		};
		22A2D6D225C4221000E174E6 /* Debug */ = {
			isa = XCBuildConfiguration;
			buildSettings = {
				ASSETCATALOG_COMPILER_APPICON_NAME = AppIcon;
				CODE_SIGN_STYLE = Automatic;
				INFOPLIST_FILE = iOSCodeChallenge/Info.plist;
				LD_RUNPATH_SEARCH_PATHS = (
					"$(inherited)",
					"@executable_path/Frameworks",
				);
				PRODUCT_BUNDLE_IDENTIFIER = com.idealista.iOSCodeChallenge;
				PRODUCT_NAME = "$(TARGET_NAME)";
				SWIFT_VERSION = 5.0;
				TARGETED_DEVICE_FAMILY = "1,2";
			};
			name = Debug;
		};
		22A2D6D325C4221000E174E6 /* Release */ = {
			isa = XCBuildConfiguration;
			buildSettings = {
				ASSETCATALOG_COMPILER_APPICON_NAME = AppIcon;
				CODE_SIGN_STYLE = Automatic;
				INFOPLIST_FILE = iOSCodeChallenge/Info.plist;
				LD_RUNPATH_SEARCH_PATHS = (
					"$(inherited)",
					"@executable_path/Frameworks",
				);
				PRODUCT_BUNDLE_IDENTIFIER = com.idealista.iOSCodeChallenge;
				PRODUCT_NAME = "$(TARGET_NAME)";
				SWIFT_VERSION = 5.0;
				TARGETED_DEVICE_FAMILY = "1,2";
			};
			name = Release;
		};
		22A2D6D525C4221000E174E6 /* Debug */ = {
			isa = XCBuildConfiguration;
			buildSettings = {
				ALWAYS_EMBED_SWIFT_STANDARD_LIBRARIES = YES;
				BUNDLE_LOADER = "$(TEST_HOST)";
				CODE_SIGN_STYLE = Automatic;
				INFOPLIST_FILE = iOSCodeChallengeTests/Info.plist;
				IPHONEOS_DEPLOYMENT_TARGET = 14.4;
				LD_RUNPATH_SEARCH_PATHS = (
					"$(inherited)",
					"@executable_path/Frameworks",
					"@loader_path/Frameworks",
				);
				PRODUCT_BUNDLE_IDENTIFIER = com.idealista.iOSCodeChallengeTests;
				PRODUCT_NAME = "$(TARGET_NAME)";
				SWIFT_VERSION = 5.0;
				TARGETED_DEVICE_FAMILY = "1,2";
				TEST_HOST = "$(BUILT_PRODUCTS_DIR)/iOSCodeChallenge.app/iOSCodeChallenge";
			};
			name = Debug;
		};
		22A2D6D625C4221000E174E6 /* Release */ = {
			isa = XCBuildConfiguration;
			buildSettings = {
				ALWAYS_EMBED_SWIFT_STANDARD_LIBRARIES = YES;
				BUNDLE_LOADER = "$(TEST_HOST)";
				CODE_SIGN_STYLE = Automatic;
				INFOPLIST_FILE = iOSCodeChallengeTests/Info.plist;
				IPHONEOS_DEPLOYMENT_TARGET = 14.4;
				LD_RUNPATH_SEARCH_PATHS = (
					"$(inherited)",
					"@executable_path/Frameworks",
					"@loader_path/Frameworks",
				);
				PRODUCT_BUNDLE_IDENTIFIER = com.idealista.iOSCodeChallengeTests;
				PRODUCT_NAME = "$(TARGET_NAME)";
				SWIFT_VERSION = 5.0;
				TARGETED_DEVICE_FAMILY = "1,2";
				TEST_HOST = "$(BUILT_PRODUCTS_DIR)/iOSCodeChallenge.app/iOSCodeChallenge";
			};
			name = Release;
		};
		22A2D6D825C4221000E174E6 /* Debug */ = {
			isa = XCBuildConfiguration;
			buildSettings = {
				ALWAYS_EMBED_SWIFT_STANDARD_LIBRARIES = YES;
				CODE_SIGN_STYLE = Automatic;
				INFOPLIST_FILE = iOSCodeChallengeUITests/Info.plist;
				LD_RUNPATH_SEARCH_PATHS = (
					"$(inherited)",
					"@executable_path/Frameworks",
					"@loader_path/Frameworks",
				);
				PRODUCT_BUNDLE_IDENTIFIER = com.idealista.iOSCodeChallengeUITests;
				PRODUCT_NAME = "$(TARGET_NAME)";
				SWIFT_VERSION = 5.0;
				TARGETED_DEVICE_FAMILY = "1,2";
				TEST_TARGET_NAME = iOSCodeChallenge;
			};
			name = Debug;
		};
		22A2D6D925C4221000E174E6 /* Release */ = {
			isa = XCBuildConfiguration;
			buildSettings = {
				ALWAYS_EMBED_SWIFT_STANDARD_LIBRARIES = YES;
				CODE_SIGN_STYLE = Automatic;
				INFOPLIST_FILE = iOSCodeChallengeUITests/Info.plist;
				LD_RUNPATH_SEARCH_PATHS = (
					"$(inherited)",
					"@executable_path/Frameworks",
					"@loader_path/Frameworks",
				);
				PRODUCT_BUNDLE_IDENTIFIER = com.idealista.iOSCodeChallengeUITests;
				PRODUCT_NAME = "$(TARGET_NAME)";
				SWIFT_VERSION = 5.0;
				TARGETED_DEVICE_FAMILY = "1,2";
				TEST_TARGET_NAME = iOSCodeChallenge;
			};
			name = Release;
		};
/* End XCBuildConfiguration section */

/* Begin XCConfigurationList section */
		22A2D6A225C4220F00E174E6 /* Build configuration list for PBXProject "iOSCodeChallenge" */ = {
			isa = XCConfigurationList;
			buildConfigurations = (
				22A2D6CF25C4221000E174E6 /* Debug */,
				22A2D6D025C4221000E174E6 /* Release */,
			);
			defaultConfigurationIsVisible = 0;
			defaultConfigurationName = Release;
		};
		22A2D6D125C4221000E174E6 /* Build configuration list for PBXNativeTarget "iOSCodeChallenge" */ = {
			isa = XCConfigurationList;
			buildConfigurations = (
				22A2D6D225C4221000E174E6 /* Debug */,
				22A2D6D325C4221000E174E6 /* Release */,
			);
			defaultConfigurationIsVisible = 0;
			defaultConfigurationName = Release;
		};
		22A2D6D425C4221000E174E6 /* Build configuration list for PBXNativeTarget "iOSCodeChallengeTests" */ = {
			isa = XCConfigurationList;
			buildConfigurations = (
				22A2D6D525C4221000E174E6 /* Debug */,
				22A2D6D625C4221000E174E6 /* Release */,
			);
			defaultConfigurationIsVisible = 0;
			defaultConfigurationName = Release;
		};
		22A2D6D725C4221000E174E6 /* Build configuration list for PBXNativeTarget "iOSCodeChallengeUITests" */ = {
			isa = XCConfigurationList;
			buildConfigurations = (
				22A2D6D825C4221000E174E6 /* Debug */,
				22A2D6D925C4221000E174E6 /* Release */,
			);
			defaultConfigurationIsVisible = 0;
			defaultConfigurationName = Release;
		};
/* End XCConfigurationList section */

/* Begin XCRemoteSwiftPackageReference section */
		A9AACFBE271D72FB00D4F0BE /* XCRemoteSwiftPackageReference "firebase-ios-sdk" */ = {
			isa = XCRemoteSwiftPackageReference;
			repositoryURL = "https://github.com/firebase/firebase-ios-sdk.git";
			requirement = {
				kind = upToNextMajorVersion;
				minimumVersion = 8.0.0;
			};
		};
/* End XCRemoteSwiftPackageReference section */

/* Begin XCSwiftPackageProductDependency section */
		A9AACFBF271D72FB00D4F0BE /* FirebaseAnalytics */ = {
			isa = XCSwiftPackageProductDependency;
			package = A9AACFBE271D72FB00D4F0BE /* XCRemoteSwiftPackageReference "firebase-ios-sdk" */;
			productName = FirebaseAnalytics;
		};
		A9AACFC1271D72FB00D4F0BE /* FirebaseCrashlytics */ = {
			isa = XCSwiftPackageProductDependency;
			package = A9AACFBE271D72FB00D4F0BE /* XCRemoteSwiftPackageReference "firebase-ios-sdk" */;
			productName = FirebaseCrashlytics;
		};
/* End XCSwiftPackageProductDependency section */
	};
	rootObject = 22A2D69F25C4220F00E174E6 /* Project object */;
}
